// !$*UTF8*$!
{
	archiveVersion = 1;
	classes = {
	};
	objectVersion = 46;
	objects = {

/* Begin PBXBuildFile section */
		A10A620617858A4F0019F7EA /* Foundation.framework in Frameworks */ = {isa = PBXBuildFile; fileRef = A1A378BB17847AC00037A3AC /* Foundation.framework */; };
		A10A620917858A4F0019F7EA /* main.m in Sources */ = {isa = PBXBuildFile; fileRef = A10A620817858A4F0019F7EA /* main.m */; };
		A10F1DD117ECC79F00801746 /* RXPromise.framework in Frameworks */ = {isa = PBXBuildFile; fileRef = A10F1DD017ECC79F00801746 /* RXPromise.framework */; };
		A10F1DD217ECC7A500801746 /* RXPromise.framework in Frameworks */ = {isa = PBXBuildFile; fileRef = A10F1DD017ECC79F00801746 /* RXPromise.framework */; };
		A10F1DD517ECC7B500801746 /* RXPromise.framework in Frameworks */ = {isa = PBXBuildFile; fileRef = A10F1DD017ECC79F00801746 /* RXPromise.framework */; };
		A118429D17EC697100EE4FD8 /* Foundation.framework in Frameworks */ = {isa = PBXBuildFile; fileRef = A1A378BB17847AC00037A3AC /* Foundation.framework */; };
		A11842A017EC697100EE4FD8 /* main.m in Sources */ = {isa = PBXBuildFile; fileRef = A118429F17EC697100EE4FD8 /* main.m */; };
		A131904C18C9CBF600E73E6E /* RXPromise.framework in Frameworks */ = {isa = PBXBuildFile; fileRef = A1E6AD1218BE945A004A7037 /* RXPromise.framework */; };
		A15CD82318C8EBE80067F898 /* Foundation.framework in Frameworks */ = {isa = PBXBuildFile; fileRef = A1A378BB17847AC00037A3AC /* Foundation.framework */; };
		A15CD82618C8EBE80067F898 /* main.m in Sources */ = {isa = PBXBuildFile; fileRef = A15CD82518C8EBE80067F898 /* main.m */; };
		A1A378BC17847AC00037A3AC /* Foundation.framework in Frameworks */ = {isa = PBXBuildFile; fileRef = A1A378BB17847AC00037A3AC /* Foundation.framework */; };
		A1A378BF17847AC00037A3AC /* main.m in Sources */ = {isa = PBXBuildFile; fileRef = A1A378BE17847AC00037A3AC /* main.m */; };
		A1A378CE1784BC6A0037A3AC /* Foundation.framework in Frameworks */ = {isa = PBXBuildFile; fileRef = A1A378BB17847AC00037A3AC /* Foundation.framework */; };
		A1A378D11784BC6A0037A3AC /* main.m in Sources */ = {isa = PBXBuildFile; fileRef = A1A378D01784BC6A0037A3AC /* main.m */; };
		A1BC9F10180DEE56002A3487 /* RXTimer.m in Sources */ = {isa = PBXBuildFile; fileRef = A1BC9F0F180DEE56002A3487 /* RXTimer.m */; };
		A1C0C59E17F04414001D2CDC /* libRXPromise.a in Frameworks */ = {isa = PBXBuildFile; fileRef = A1C0C59D17F04414001D2CDC /* libRXPromise.a */; };
		A1C0C5A017F0442B001D2CDC /* libRXPromise.a in Frameworks */ = {isa = PBXBuildFile; fileRef = A1C0C59F17F0442B001D2CDC /* libRXPromise.a */; };
		A1C9FE00184DE98800872798 /* Foundation.framework in Frameworks */ = {isa = PBXBuildFile; fileRef = A1A378BB17847AC00037A3AC /* Foundation.framework */; };
		A1C9FE03184DE98800872798 /* main.m in Sources */ = {isa = PBXBuildFile; fileRef = A1C9FE02184DE98800872798 /* main.m */; };
		A1C9FE0B184DEF2200872798 /* RXPromise.framework in Frameworks */ = {isa = PBXBuildFile; fileRef = A1A45F591821045E00CEC749 /* RXPromise.framework */; };
		A1D9632317953DBC00090EDC /* Foundation.framework in Frameworks */ = {isa = PBXBuildFile; fileRef = A1A378BB17847AC00037A3AC /* Foundation.framework */; };
		A1D9632617953DBC00090EDC /* main.m in Sources */ = {isa = PBXBuildFile; fileRef = A1D9632517953DBC00090EDC /* main.m */; };
		A1E6AD0C18BE9447004A7037 /* main.m in Sources */ = {isa = PBXBuildFile; fileRef = A1E6AD0B18BE9447004A7037 /* main.m */; };
		A1E6AD1318BE945A004A7037 /* RXPromise.framework in Frameworks */ = {isa = PBXBuildFile; fileRef = A1E6AD1218BE945A004A7037 /* RXPromise.framework */; };
		A1E6AD1418BE9498004A7037 /* Foundation.framework in Frameworks */ = {isa = PBXBuildFile; fileRef = A1A378BB17847AC00037A3AC /* Foundation.framework */; };
/* End PBXBuildFile section */

/* Begin PBXCopyFilesBuildPhase section */
		A10A620317858A4F0019F7EA /* CopyFiles */ = {
			isa = PBXCopyFilesBuildPhase;
			buildActionMask = 2147483647;
			dstPath = /usr/share/man/man1/;
			dstSubfolderSpec = 0;
			files = (
			);
			runOnlyForDeploymentPostprocessing = 1;
		};
		A118429A17EC697000EE4FD8 /* CopyFiles */ = {
			isa = PBXCopyFilesBuildPhase;
			buildActionMask = 2147483647;
			dstPath = /usr/share/man/man1/;
			dstSubfolderSpec = 0;
			files = (
			);
			runOnlyForDeploymentPostprocessing = 1;
		};
		A15CD82018C8EBE80067F898 /* CopyFiles */ = {
			isa = PBXCopyFilesBuildPhase;
			buildActionMask = 2147483647;
			dstPath = /usr/share/man/man1/;
			dstSubfolderSpec = 0;
			files = (
			);
			runOnlyForDeploymentPostprocessing = 1;
		};
		A1A378B617847AC00037A3AC /* CopyFiles */ = {
			isa = PBXCopyFilesBuildPhase;
			buildActionMask = 2147483647;
			dstPath = /usr/share/man/man1/;
			dstSubfolderSpec = 0;
			files = (
			);
			runOnlyForDeploymentPostprocessing = 1;
		};
		A1A378CB1784BC6A0037A3AC /* CopyFiles */ = {
			isa = PBXCopyFilesBuildPhase;
			buildActionMask = 2147483647;
			dstPath = /usr/share/man/man1/;
			dstSubfolderSpec = 0;
			files = (
			);
			runOnlyForDeploymentPostprocessing = 1;
		};
		A1C9FDFD184DE98800872798 /* CopyFiles */ = {
			isa = PBXCopyFilesBuildPhase;
			buildActionMask = 2147483647;
			dstPath = /usr/share/man/man1/;
			dstSubfolderSpec = 0;
			files = (
			);
			runOnlyForDeploymentPostprocessing = 1;
		};
		A1D9632017953DBC00090EDC /* CopyFiles */ = {
			isa = PBXCopyFilesBuildPhase;
			buildActionMask = 2147483647;
			dstPath = /usr/share/man/man1/;
			dstSubfolderSpec = 0;
			files = (
			);
			runOnlyForDeploymentPostprocessing = 1;
		};
		A1E6AD0518BE9447004A7037 /* CopyFiles */ = {
			isa = PBXCopyFilesBuildPhase;
			buildActionMask = 2147483647;
			dstPath = /usr/share/man/man1/;
			dstSubfolderSpec = 0;
			files = (
			);
			runOnlyForDeploymentPostprocessing = 1;
		};
/* End PBXCopyFilesBuildPhase section */

/* Begin PBXFileReference section */
		A10A620517858A4F0019F7EA /* Sample3 */ = {isa = PBXFileReference; explicitFileType = "compiled.mach-o.executable"; includeInIndex = 0; path = Sample3; sourceTree = BUILT_PRODUCTS_DIR; };
		A10A620817858A4F0019F7EA /* main.m */ = {isa = PBXFileReference; lastKnownFileType = sourcecode.c.objc; path = main.m; sourceTree = "<group>"; };
		A10A620B17858A4F0019F7EA /* Sample3-Prefix.pch */ = {isa = PBXFileReference; lastKnownFileType = sourcecode.c.h; path = "Sample3-Prefix.pch"; sourceTree = "<group>"; };
		A10F1DD017ECC79F00801746 /* RXPromise.framework */ = {isa = PBXFileReference; lastKnownFileType = wrapper.framework; name = RXPromise.framework; path = ../Build/Products/Debug/RXPromise.framework; sourceTree = "<group>"; };
		A118429C17EC697000EE4FD8 /* Sample5 */ = {isa = PBXFileReference; explicitFileType = "compiled.mach-o.executable"; includeInIndex = 0; path = Sample5; sourceTree = BUILT_PRODUCTS_DIR; };
		A118429F17EC697100EE4FD8 /* main.m */ = {isa = PBXFileReference; lastKnownFileType = sourcecode.c.objc; path = main.m; sourceTree = "<group>"; };
		A11842A217EC697100EE4FD8 /* Sample5-Prefix.pch */ = {isa = PBXFileReference; lastKnownFileType = sourcecode.c.h; path = "Sample5-Prefix.pch"; sourceTree = "<group>"; };
		A15CD82218C8EBE80067F898 /* Sample8 */ = {isa = PBXFileReference; explicitFileType = "compiled.mach-o.executable"; includeInIndex = 0; path = Sample8; sourceTree = BUILT_PRODUCTS_DIR; };
		A15CD82518C8EBE80067F898 /* main.m */ = {isa = PBXFileReference; lastKnownFileType = sourcecode.c.objc; path = main.m; sourceTree = "<group>"; };
		A15CD82818C8EBE80067F898 /* Sample8-Prefix.pch */ = {isa = PBXFileReference; lastKnownFileType = sourcecode.c.h; path = "Sample8-Prefix.pch"; sourceTree = "<group>"; };
		A15CD82E18C8ED590067F898 /* RXPromise.framework */ = {isa = PBXFileReference; lastKnownFileType = wrapper.framework; name = RXPromise.framework; path = "../RXPromise Libraries/build/Debug/RXPromise.framework"; sourceTree = "<group>"; };
		A1A378B817847AC00037A3AC /* Sample1 */ = {isa = PBXFileReference; explicitFileType = "compiled.mach-o.executable"; includeInIndex = 0; path = Sample1; sourceTree = BUILT_PRODUCTS_DIR; };
		A1A378BB17847AC00037A3AC /* Foundation.framework */ = {isa = PBXFileReference; lastKnownFileType = wrapper.framework; name = Foundation.framework; path = System/Library/Frameworks/Foundation.framework; sourceTree = SDKROOT; };
		A1A378BE17847AC00037A3AC /* main.m */ = {isa = PBXFileReference; lastKnownFileType = sourcecode.c.objc; path = main.m; sourceTree = "<group>"; };
		A1A378C117847AC00037A3AC /* Sample1-Prefix.pch */ = {isa = PBXFileReference; lastKnownFileType = sourcecode.c.h; path = "Sample1-Prefix.pch"; sourceTree = "<group>"; };
		A1A378CD1784BC6A0037A3AC /* Sample2 */ = {isa = PBXFileReference; explicitFileType = "compiled.mach-o.executable"; includeInIndex = 0; path = Sample2; sourceTree = BUILT_PRODUCTS_DIR; };
		A1A378D01784BC6A0037A3AC /* main.m */ = {isa = PBXFileReference; lastKnownFileType = sourcecode.c.objc; path = main.m; sourceTree = "<group>"; };
		A1A378D31784BC6A0037A3AC /* Sample2-Prefix.pch */ = {isa = PBXFileReference; lastKnownFileType = sourcecode.c.h; path = "Sample2-Prefix.pch"; sourceTree = "<group>"; };
		A1A45F591821045E00CEC749 /* RXPromise.framework */ = {isa = PBXFileReference; lastKnownFileType = wrapper.framework; name = RXPromise.framework; path = "../../../Library/Developer/Xcode/DerivedData/Promise-dgyrvqswrkfnaoathrecbvjiyjmc/Build/Products/Debug/RXPromise.framework"; sourceTree = "<group>"; };
		A1AE766D18C9BDAD00246669 /* RXPromise.framework */ = {isa = PBXFileReference; lastKnownFileType = wrapper.framework; name = RXPromise.framework; path = "../RXPromise Libraries/build/Release/RXPromise.framework"; sourceTree = "<group>"; };
		A1AE767118C9BEAF00246669 /* RXPromise.framework */ = {isa = PBXFileReference; lastKnownFileType = wrapper.framework; name = RXPromise.framework; path = ../DerivedData/Promise/Build/Products/Release/RXPromise.framework; sourceTree = "<group>"; };
		A1BC9F0E180DEE56002A3487 /* RXTimer.h */ = {isa = PBXFileReference; fileEncoding = 4; lastKnownFileType = sourcecode.c.h; path = RXTimer.h; sourceTree = "<group>"; };
		A1BC9F0F180DEE56002A3487 /* RXTimer.m */ = {isa = PBXFileReference; fileEncoding = 4; lastKnownFileType = sourcecode.c.objc; path = RXTimer.m; sourceTree = "<group>"; };
		A1C0C59D17F04414001D2CDC /* libRXPromise.a */ = {isa = PBXFileReference; lastKnownFileType = archive.ar; name = libRXPromise.a; path = "../RXPromise Libraries/build/Release/libRXPromise.a"; sourceTree = "<group>"; };
		A1C0C59F17F0442B001D2CDC /* libRXPromise.a */ = {isa = PBXFileReference; lastKnownFileType = archive.ar; name = libRXPromise.a; path = "../RXPromise Libraries/build/Release/libRXPromise.a"; sourceTree = "<group>"; };
		A1C9FDFF184DE98800872798 /* Sample6 */ = {isa = PBXFileReference; explicitFileType = "compiled.mach-o.executable"; includeInIndex = 0; path = Sample6; sourceTree = BUILT_PRODUCTS_DIR; };
		A1C9FE02184DE98800872798 /* main.m */ = {isa = PBXFileReference; lastKnownFileType = sourcecode.c.objc; path = main.m; sourceTree = "<group>"; };
		A1C9FE05184DE98800872798 /* Sample6-Prefix.pch */ = {isa = PBXFileReference; lastKnownFileType = sourcecode.c.h; path = "Sample6-Prefix.pch"; sourceTree = "<group>"; };
		A1D9632217953DBC00090EDC /* Sample4 */ = {isa = PBXFileReference; explicitFileType = "compiled.mach-o.executable"; includeInIndex = 0; path = Sample4; sourceTree = BUILT_PRODUCTS_DIR; };
		A1D9632517953DBC00090EDC /* main.m */ = {isa = PBXFileReference; lastKnownFileType = sourcecode.c.objc; path = main.m; sourceTree = "<group>"; };
		A1D9632817953DBC00090EDC /* Sample4-Prefix.pch */ = {isa = PBXFileReference; lastKnownFileType = sourcecode.c.h; path = "Sample4-Prefix.pch"; sourceTree = "<group>"; };
		A1E6AD0718BE9447004A7037 /* Sample7 */ = {isa = PBXFileReference; explicitFileType = "compiled.mach-o.executable"; includeInIndex = 0; path = Sample7; sourceTree = BUILT_PRODUCTS_DIR; };
		A1E6AD0818BE9447004A7037 /* CoreFoundation.framework */ = {isa = PBXFileReference; lastKnownFileType = wrapper.framework; name = CoreFoundation.framework; path = System/Library/Frameworks/CoreFoundation.framework; sourceTree = SDKROOT; };
		A1E6AD0B18BE9447004A7037 /* main.m */ = {isa = PBXFileReference; lastKnownFileType = sourcecode.c.objc; path = main.m; sourceTree = "<group>"; };
		A1E6AD1218BE945A004A7037 /* RXPromise.framework */ = {isa = PBXFileReference; lastKnownFileType = wrapper.framework; name = RXPromise.framework; path = ../DerivedData/Promise/Build/Products/Debug/RXPromise.framework; sourceTree = "<group>"; };
		A1F050B5180D94B400EBC276 /* CoreGraphics.framework */ = {isa = PBXFileReference; lastKnownFileType = wrapper.framework; name = CoreGraphics.framework; path = System/Library/Frameworks/CoreGraphics.framework; sourceTree = SDKROOT; };
		A1F050B7180D94B400EBC276 /* UIKit.framework */ = {isa = PBXFileReference; lastKnownFileType = wrapper.framework; name = UIKit.framework; path = Library/Frameworks/UIKit.framework; sourceTree = DEVELOPER_DIR; };
		A1F050D2180D94B400EBC276 /* XCTest.framework */ = {isa = PBXFileReference; lastKnownFileType = wrapper.framework; name = XCTest.framework; path = Library/Frameworks/XCTest.framework; sourceTree = DEVELOPER_DIR; };
		A1F050E6180D94DD00EBC276 /* libRXPromise.a */ = {isa = PBXFileReference; lastKnownFileType = archive.ar; name = libRXPromise.a; path = "../RXPromise Libraries/build/Debug-iphoneos/libRXPromise.a"; sourceTree = "<group>"; };
		A1F050F9180DA78D00EBC276 /* RXPromise.framework */ = {isa = PBXFileReference; lastKnownFileType = wrapper.framework; name = RXPromise.framework; path = ../../../Library/Developer/Xcode/DerivedData/Build/Products/Debug/RXPromise.framework; sourceTree = "<group>"; };
/* End PBXFileReference section */

/* Begin PBXFrameworksBuildPhase section */
		A10A620217858A4F0019F7EA /* Frameworks */ = {
			isa = PBXFrameworksBuildPhase;
			buildActionMask = 2147483647;
			files = (
				A1C0C59E17F04414001D2CDC /* libRXPromise.a in Frameworks */,
				A10A620617858A4F0019F7EA /* Foundation.framework in Frameworks */,
			);
			runOnlyForDeploymentPostprocessing = 0;
		};
		A118429917EC697000EE4FD8 /* Frameworks */ = {
			isa = PBXFrameworksBuildPhase;
			buildActionMask = 2147483647;
			files = (
				A10F1DD517ECC7B500801746 /* RXPromise.framework in Frameworks */,
				A118429D17EC697100EE4FD8 /* Foundation.framework in Frameworks */,
			);
			runOnlyForDeploymentPostprocessing = 0;
		};
		A15CD81F18C8EBE80067F898 /* Frameworks */ = {
			isa = PBXFrameworksBuildPhase;
			buildActionMask = 2147483647;
			files = (
				A131904C18C9CBF600E73E6E /* RXPromise.framework in Frameworks */,
				A15CD82318C8EBE80067F898 /* Foundation.framework in Frameworks */,
			);
			runOnlyForDeploymentPostprocessing = 0;
		};
		A1A378B517847AC00037A3AC /* Frameworks */ = {
			isa = PBXFrameworksBuildPhase;
			buildActionMask = 2147483647;
			files = (
				A10F1DD117ECC79F00801746 /* RXPromise.framework in Frameworks */,
				A1A378BC17847AC00037A3AC /* Foundation.framework in Frameworks */,
			);
			runOnlyForDeploymentPostprocessing = 0;
		};
		A1A378CA1784BC6A0037A3AC /* Frameworks */ = {
			isa = PBXFrameworksBuildPhase;
			buildActionMask = 2147483647;
			files = (
				A10F1DD217ECC7A500801746 /* RXPromise.framework in Frameworks */,
				A1A378CE1784BC6A0037A3AC /* Foundation.framework in Frameworks */,
			);
			runOnlyForDeploymentPostprocessing = 0;
		};
		A1C9FDFC184DE98800872798 /* Frameworks */ = {
			isa = PBXFrameworksBuildPhase;
			buildActionMask = 2147483647;
			files = (
				A1C9FE0B184DEF2200872798 /* RXPromise.framework in Frameworks */,
				A1C9FE00184DE98800872798 /* Foundation.framework in Frameworks */,
			);
			runOnlyForDeploymentPostprocessing = 0;
		};
		A1D9631F17953DBC00090EDC /* Frameworks */ = {
			isa = PBXFrameworksBuildPhase;
			buildActionMask = 2147483647;
			files = (
				A1C0C5A017F0442B001D2CDC /* libRXPromise.a in Frameworks */,
				A1D9632317953DBC00090EDC /* Foundation.framework in Frameworks */,
			);
			runOnlyForDeploymentPostprocessing = 0;
		};
		A1E6AD0418BE9447004A7037 /* Frameworks */ = {
			isa = PBXFrameworksBuildPhase;
			buildActionMask = 2147483647;
			files = (
				A1E6AD1418BE9498004A7037 /* Foundation.framework in Frameworks */,
				A1E6AD1318BE945A004A7037 /* RXPromise.framework in Frameworks */,
			);
			runOnlyForDeploymentPostprocessing = 0;
		};
/* End PBXFrameworksBuildPhase section */

/* Begin PBXGroup section */
		A10A620717858A4F0019F7EA /* Sample3 */ = {
			isa = PBXGroup;
			children = (
				A10A620817858A4F0019F7EA /* main.m */,
				A10A620A17858A4F0019F7EA /* Supporting Files */,
			);
			path = Sample3;
			sourceTree = "<group>";
		};
		A10A620A17858A4F0019F7EA /* Supporting Files */ = {
			isa = PBXGroup;
			children = (
				A10A620B17858A4F0019F7EA /* Sample3-Prefix.pch */,
			);
			name = "Supporting Files";
			sourceTree = "<group>";
		};
		A118429E17EC697100EE4FD8 /* Sample5 */ = {
			isa = PBXGroup;
			children = (
				A118429F17EC697100EE4FD8 /* main.m */,
				A11842A117EC697100EE4FD8 /* Supporting Files */,
			);
			path = Sample5;
			sourceTree = "<group>";
		};
		A11842A117EC697100EE4FD8 /* Supporting Files */ = {
			isa = PBXGroup;
			children = (
				A11842A217EC697100EE4FD8 /* Sample5-Prefix.pch */,
			);
			name = "Supporting Files";
			sourceTree = "<group>";
		};
		A15CD82418C8EBE80067F898 /* Sample8 */ = {
			isa = PBXGroup;
			children = (
				A15CD82518C8EBE80067F898 /* main.m */,
				A15CD82718C8EBE80067F898 /* Supporting Files */,
			);
			path = Sample8;
			sourceTree = "<group>";
		};
		A15CD82718C8EBE80067F898 /* Supporting Files */ = {
			isa = PBXGroup;
			children = (
				A15CD82818C8EBE80067F898 /* Sample8-Prefix.pch */,
			);
			name = "Supporting Files";
			sourceTree = "<group>";
		};
		A1A3789D17847A980037A3AC = {
			isa = PBXGroup;
			children = (
				A1BC9F0D180DEE56002A3487 /* Common */,
				A1A378BD17847AC00037A3AC /* Sample1 */,
				A1A378CF1784BC6A0037A3AC /* Sample2 */,
				A10A620717858A4F0019F7EA /* Sample3 */,
				A1D9632417953DBC00090EDC /* Sample4 */,
				A118429E17EC697100EE4FD8 /* Sample5 */,
				A1C9FE01184DE98800872798 /* Sample6 */,
				A1E6AD0A18BE9447004A7037 /* Sample7 */,
				A15CD82418C8EBE80067F898 /* Sample8 */,
				A1A378BA17847AC00037A3AC /* Frameworks */,
				A1A378B917847AC00037A3AC /* Products */,
			);
			sourceTree = "<group>";
		};
		A1A378B917847AC00037A3AC /* Products */ = {
			isa = PBXGroup;
			children = (
				A1A378B817847AC00037A3AC /* Sample1 */,
				A1A378CD1784BC6A0037A3AC /* Sample2 */,
				A10A620517858A4F0019F7EA /* Sample3 */,
				A1D9632217953DBC00090EDC /* Sample4 */,
				A118429C17EC697000EE4FD8 /* Sample5 */,
				A1C9FDFF184DE98800872798 /* Sample6 */,
				A1E6AD0718BE9447004A7037 /* Sample7 */,
				A15CD82218C8EBE80067F898 /* Sample8 */,
			);
			name = Products;
			sourceTree = "<group>";
		};
		A1A378BA17847AC00037A3AC /* Frameworks */ = {
			isa = PBXGroup;
			children = (
				A1AE767118C9BEAF00246669 /* RXPromise.framework */,
				A1AE766D18C9BDAD00246669 /* RXPromise.framework */,
				A15CD82E18C8ED590067F898 /* RXPromise.framework */,
				A1E6AD1218BE945A004A7037 /* RXPromise.framework */,
				A1A45F591821045E00CEC749 /* RXPromise.framework */,
				A1F050F9180DA78D00EBC276 /* RXPromise.framework */,
				A1F050E6180D94DD00EBC276 /* libRXPromise.a */,
				A1C0C59F17F0442B001D2CDC /* libRXPromise.a */,
				A1C0C59D17F04414001D2CDC /* libRXPromise.a */,
				A10F1DD017ECC79F00801746 /* RXPromise.framework */,
				A1A378BB17847AC00037A3AC /* Foundation.framework */,
				A1F050B5180D94B400EBC276 /* CoreGraphics.framework */,
				A1F050B7180D94B400EBC276 /* UIKit.framework */,
				A1F050D2180D94B400EBC276 /* XCTest.framework */,
				A1E6AD0818BE9447004A7037 /* CoreFoundation.framework */,
			);
			name = Frameworks;
			sourceTree = "<group>";
		};
		A1A378BD17847AC00037A3AC /* Sample1 */ = {
			isa = PBXGroup;
			children = (
				A1A378BE17847AC00037A3AC /* main.m */,
				A1A378C017847AC00037A3AC /* Supporting Files */,
			);
			path = Sample1;
			sourceTree = "<group>";
		};
		A1A378C017847AC00037A3AC /* Supporting Files */ = {
			isa = PBXGroup;
			children = (
				A1A378C117847AC00037A3AC /* Sample1-Prefix.pch */,
			);
			name = "Supporting Files";
			sourceTree = "<group>";
		};
		A1A378CF1784BC6A0037A3AC /* Sample2 */ = {
			isa = PBXGroup;
			children = (
				A1A378D01784BC6A0037A3AC /* main.m */,
				A1A378D21784BC6A0037A3AC /* Supporting Files */,
			);
			path = Sample2;
			sourceTree = "<group>";
		};
		A1A378D21784BC6A0037A3AC /* Supporting Files */ = {
			isa = PBXGroup;
			children = (
				A1A378D31784BC6A0037A3AC /* Sample2-Prefix.pch */,
			);
			name = "Supporting Files";
			sourceTree = "<group>";
		};
		A1BC9F0D180DEE56002A3487 /* Common */ = {
			isa = PBXGroup;
			children = (
				A1BC9F0E180DEE56002A3487 /* RXTimer.h */,
				A1BC9F0F180DEE56002A3487 /* RXTimer.m */,
			);
			name = Common;
			path = ../Common;
			sourceTree = "<group>";
		};
		A1C9FE01184DE98800872798 /* Sample6 */ = {
			isa = PBXGroup;
			children = (
				A1C9FE02184DE98800872798 /* main.m */,
				A1C9FE04184DE98800872798 /* Supporting Files */,
			);
			path = Sample6;
			sourceTree = "<group>";
		};
		A1C9FE04184DE98800872798 /* Supporting Files */ = {
			isa = PBXGroup;
			children = (
				A1C9FE05184DE98800872798 /* Sample6-Prefix.pch */,
			);
			name = "Supporting Files";
			sourceTree = "<group>";
		};
		A1D9632417953DBC00090EDC /* Sample4 */ = {
			isa = PBXGroup;
			children = (
				A1D9632517953DBC00090EDC /* main.m */,
				A1D9632717953DBC00090EDC /* Supporting Files */,
			);
			path = Sample4;
			sourceTree = "<group>";
		};
		A1D9632717953DBC00090EDC /* Supporting Files */ = {
			isa = PBXGroup;
			children = (
				A1D9632817953DBC00090EDC /* Sample4-Prefix.pch */,
			);
			name = "Supporting Files";
			sourceTree = "<group>";
		};
		A1E6AD0A18BE9447004A7037 /* Sample7 */ = {
			isa = PBXGroup;
			children = (
				A1E6AD0B18BE9447004A7037 /* main.m */,
			);
			path = Sample7;
			sourceTree = "<group>";
		};
/* End PBXGroup section */

/* Begin PBXNativeTarget section */
		A10A620417858A4F0019F7EA /* Sample3 */ = {
			isa = PBXNativeTarget;
			buildConfigurationList = A10A620E17858A4F0019F7EA /* Build configuration list for PBXNativeTarget "Sample3" */;
			buildPhases = (
				A10A620117858A4F0019F7EA /* Sources */,
				A10A620217858A4F0019F7EA /* Frameworks */,
				A10A620317858A4F0019F7EA /* CopyFiles */,
			);
			buildRules = (
			);
			dependencies = (
			);
			name = Sample3;
			productName = Sample3;
			productReference = A10A620517858A4F0019F7EA /* Sample3 */;
			productType = "com.apple.product-type.tool";
		};
		A118429B17EC697000EE4FD8 /* Sample5 */ = {
			isa = PBXNativeTarget;
			buildConfigurationList = A11842A717EC697100EE4FD8 /* Build configuration list for PBXNativeTarget "Sample5" */;
			buildPhases = (
				A118429817EC697000EE4FD8 /* Sources */,
				A118429917EC697000EE4FD8 /* Frameworks */,
				A118429A17EC697000EE4FD8 /* CopyFiles */,
			);
			buildRules = (
			);
			dependencies = (
			);
			name = Sample5;
			productName = Sample5;
			productReference = A118429C17EC697000EE4FD8 /* Sample5 */;
			productType = "com.apple.product-type.tool";
		};
		A15CD82118C8EBE80067F898 /* Sample8 */ = {
			isa = PBXNativeTarget;
			buildConfigurationList = A15CD82D18C8EBE80067F898 /* Build configuration list for PBXNativeTarget "Sample8" */;
			buildPhases = (
				A15CD81E18C8EBE80067F898 /* Sources */,
				A15CD81F18C8EBE80067F898 /* Frameworks */,
				A15CD82018C8EBE80067F898 /* CopyFiles */,
			);
			buildRules = (
			);
			dependencies = (
			);
			name = Sample8;
			productName = Sample8;
			productReference = A15CD82218C8EBE80067F898 /* Sample8 */;
			productType = "com.apple.product-type.tool";
		};
		A1A378B717847AC00037A3AC /* Sample1 */ = {
			isa = PBXNativeTarget;
			buildConfigurationList = A1A378C417847AC00037A3AC /* Build configuration list for PBXNativeTarget "Sample1" */;
			buildPhases = (
				A1A378B417847AC00037A3AC /* Sources */,
				A1A378B517847AC00037A3AC /* Frameworks */,
				A1A378B617847AC00037A3AC /* CopyFiles */,
			);
			buildRules = (
			);
			dependencies = (
			);
			name = Sample1;
			productName = Sample1;
			productReference = A1A378B817847AC00037A3AC /* Sample1 */;
			productType = "com.apple.product-type.tool";
		};
		A1A378CC1784BC6A0037A3AC /* Sample2 */ = {
			isa = PBXNativeTarget;
			buildConfigurationList = A1A378D61784BC6A0037A3AC /* Build configuration list for PBXNativeTarget "Sample2" */;
			buildPhases = (
				A1A378C91784BC6A0037A3AC /* Sources */,
				A1A378CA1784BC6A0037A3AC /* Frameworks */,
				A1A378CB1784BC6A0037A3AC /* CopyFiles */,
			);
			buildRules = (
			);
			dependencies = (
			);
			name = Sample2;
			productName = Sample2;
			productReference = A1A378CD1784BC6A0037A3AC /* Sample2 */;
			productType = "com.apple.product-type.tool";
		};
		A1C9FDFE184DE98800872798 /* Sample6 */ = {
			isa = PBXNativeTarget;
			buildConfigurationList = A1C9FE0A184DE98800872798 /* Build configuration list for PBXNativeTarget "Sample6" */;
			buildPhases = (
				A1C9FDFB184DE98800872798 /* Sources */,
				A1C9FDFC184DE98800872798 /* Frameworks */,
				A1C9FDFD184DE98800872798 /* CopyFiles */,
			);
			buildRules = (
			);
			dependencies = (
			);
			name = Sample6;
			productName = Sample6;
			productReference = A1C9FDFF184DE98800872798 /* Sample6 */;
			productType = "com.apple.product-type.tool";
		};
		A1D9632117953DBC00090EDC /* Sample4 */ = {
			isa = PBXNativeTarget;
			buildConfigurationList = A1D9632D17953DBC00090EDC /* Build configuration list for PBXNativeTarget "Sample4" */;
			buildPhases = (
				A1D9631E17953DBC00090EDC /* Sources */,
				A1D9631F17953DBC00090EDC /* Frameworks */,
				A1D9632017953DBC00090EDC /* CopyFiles */,
			);
			buildRules = (
			);
			dependencies = (
			);
			name = Sample4;
			productName = NSArrayExtension;
			productReference = A1D9632217953DBC00090EDC /* Sample4 */;
			productType = "com.apple.product-type.tool";
		};
		A1E6AD0618BE9447004A7037 /* Sample7 */ = {
			isa = PBXNativeTarget;
			buildConfigurationList = A1E6AD1118BE9447004A7037 /* Build configuration list for PBXNativeTarget "Sample7" */;
			buildPhases = (
				A1E6AD0318BE9447004A7037 /* Sources */,
				A1E6AD0418BE9447004A7037 /* Frameworks */,
				A1E6AD0518BE9447004A7037 /* CopyFiles */,
			);
			buildRules = (
			);
			dependencies = (
			);
			name = Sample7;
			productName = Sample7;
			productReference = A1E6AD0718BE9447004A7037 /* Sample7 */;
			productType = "com.apple.product-type.tool";
		};
/* End PBXNativeTarget section */

/* Begin PBXProject section */
		A1A3789E17847A980037A3AC /* Project object */ = {
			isa = PBXProject;
			attributes = {
				LastUpgradeCheck = 0500;
			};
			buildConfigurationList = A1A378A117847A980037A3AC /* Build configuration list for PBXProject "Samples" */;
			compatibilityVersion = "Xcode 3.2";
			developmentRegion = English;
			hasScannedForEncodings = 0;
			knownRegions = (
				en,
				Base,
			);
			mainGroup = A1A3789D17847A980037A3AC;
			productRefGroup = A1A378B917847AC00037A3AC /* Products */;
			projectDirPath = "";
			projectRoot = "";
			targets = (
				A1A378B717847AC00037A3AC /* Sample1 */,
				A1A378CC1784BC6A0037A3AC /* Sample2 */,
				A10A620417858A4F0019F7EA /* Sample3 */,
				A1D9632117953DBC00090EDC /* Sample4 */,
				A118429B17EC697000EE4FD8 /* Sample5 */,
				A1C9FDFE184DE98800872798 /* Sample6 */,
				A1E6AD0618BE9447004A7037 /* Sample7 */,
				A15CD82118C8EBE80067F898 /* Sample8 */,
			);
		};
/* End PBXProject section */

/* Begin PBXSourcesBuildPhase section */
		A10A620117858A4F0019F7EA /* Sources */ = {
			isa = PBXSourcesBuildPhase;
			buildActionMask = 2147483647;
			files = (
				A10A620917858A4F0019F7EA /* main.m in Sources */,
			);
			runOnlyForDeploymentPostprocessing = 0;
		};
		A118429817EC697000EE4FD8 /* Sources */ = {
			isa = PBXSourcesBuildPhase;
			buildActionMask = 2147483647;
			files = (
				A11842A017EC697100EE4FD8 /* main.m in Sources */,
				A1BC9F10180DEE56002A3487 /* RXTimer.m in Sources */,
			);
			runOnlyForDeploymentPostprocessing = 0;
		};
		A15CD81E18C8EBE80067F898 /* Sources */ = {
			isa = PBXSourcesBuildPhase;
			buildActionMask = 2147483647;
			files = (
				A15CD82618C8EBE80067F898 /* main.m in Sources */,
			);
			runOnlyForDeploymentPostprocessing = 0;
		};
		A1A378B417847AC00037A3AC /* Sources */ = {
			isa = PBXSourcesBuildPhase;
			buildActionMask = 2147483647;
			files = (
				A1A378BF17847AC00037A3AC /* main.m in Sources */,
			);
			runOnlyForDeploymentPostprocessing = 0;
		};
		A1A378C91784BC6A0037A3AC /* Sources */ = {
			isa = PBXSourcesBuildPhase;
			buildActionMask = 2147483647;
			files = (
				A1A378D11784BC6A0037A3AC /* main.m in Sources */,
			);
			runOnlyForDeploymentPostprocessing = 0;
		};
		A1C9FDFB184DE98800872798 /* Sources */ = {
			isa = PBXSourcesBuildPhase;
			buildActionMask = 2147483647;
			files = (
				A1C9FE03184DE98800872798 /* main.m in Sources */,
			);
			runOnlyForDeploymentPostprocessing = 0;
		};
		A1D9631E17953DBC00090EDC /* Sources */ = {
			isa = PBXSourcesBuildPhase;
			buildActionMask = 2147483647;
			files = (
				A1D9632617953DBC00090EDC /* main.m in Sources */,
			);
			runOnlyForDeploymentPostprocessing = 0;
		};
		A1E6AD0318BE9447004A7037 /* Sources */ = {
			isa = PBXSourcesBuildPhase;
			buildActionMask = 2147483647;
			files = (
				A1E6AD0C18BE9447004A7037 /* main.m in Sources */,
			);
			runOnlyForDeploymentPostprocessing = 0;
		};
/* End PBXSourcesBuildPhase section */

/* Begin XCBuildConfiguration section */
		A10A620F17858A4F0019F7EA /* Debug */ = {
			isa = XCBuildConfiguration;
			buildSettings = {
				ALWAYS_SEARCH_USER_PATHS = NO;
				CLANG_CXX_LANGUAGE_STANDARD = "c++0x";
				CLANG_CXX_LIBRARY = "libc++";
				CLANG_ENABLE_OBJC_ARC = YES;
				CLANG_WARN_CONSTANT_CONVERSION = YES;
				CLANG_WARN_EMPTY_BODY = YES;
				CLANG_WARN_ENUM_CONVERSION = YES;
				CLANG_WARN_INT_CONVERSION = YES;
				CLANG_WARN__DUPLICATE_METHOD_MATCH = YES;
				COPY_PHASE_STRIP = NO;
				FRAMEWORK_SEARCH_PATHS = (
					"$(inherited)",
					/Users/agrosam/Develop/Promise/Build/Products/Debug,
				);
				GCC_C_LANGUAGE_STANDARD = gnu99;
				GCC_DYNAMIC_NO_PIC = NO;
				GCC_ENABLE_OBJC_EXCEPTIONS = YES;
				GCC_OPTIMIZATION_LEVEL = 0;
				GCC_PRECOMPILE_PREFIX_HEADER = YES;
				GCC_PREFIX_HEADER = "Sample3/Sample3-Prefix.pch";
				GCC_PREPROCESSOR_DEFINITIONS = (
					"DEBUG=1",
					"$(inherited)",
				);
				GCC_SYMBOLS_PRIVATE_EXTERN = NO;
				GCC_WARN_64_TO_32_BIT_CONVERSION = YES;
				GCC_WARN_ABOUT_RETURN_TYPE = YES;
				GCC_WARN_UNINITIALIZED_AUTOS = YES;
				GCC_WARN_UNUSED_VARIABLE = YES;
				MACOSX_DEPLOYMENT_TARGET = 10.8;
				ONLY_ACTIVE_ARCH = YES;
				OTHER_LDFLAGS = "-lc++";
				PRODUCT_NAME = "$(TARGET_NAME)";
				SDKROOT = macosx;
			};
			name = Debug;
		};
		A10A621017858A4F0019F7EA /* Release */ = {
			isa = XCBuildConfiguration;
			buildSettings = {
				ALWAYS_SEARCH_USER_PATHS = NO;
				CLANG_CXX_LANGUAGE_STANDARD = "c++0x";
				CLANG_CXX_LIBRARY = "libc++";
				CLANG_ENABLE_OBJC_ARC = YES;
				CLANG_WARN_CONSTANT_CONVERSION = YES;
				CLANG_WARN_EMPTY_BODY = YES;
				CLANG_WARN_ENUM_CONVERSION = YES;
				CLANG_WARN_INT_CONVERSION = YES;
				CLANG_WARN__DUPLICATE_METHOD_MATCH = YES;
				COPY_PHASE_STRIP = YES;
				DEBUG_INFORMATION_FORMAT = "dwarf-with-dsym";
				FRAMEWORK_SEARCH_PATHS = (
					"$(inherited)",
					/Users/agrosam/Develop/Promise/Build/Products/Debug,
				);
				GCC_C_LANGUAGE_STANDARD = gnu99;
				GCC_ENABLE_OBJC_EXCEPTIONS = YES;
				GCC_PRECOMPILE_PREFIX_HEADER = YES;
				GCC_PREFIX_HEADER = "Sample3/Sample3-Prefix.pch";
				GCC_WARN_64_TO_32_BIT_CONVERSION = YES;
				GCC_WARN_ABOUT_RETURN_TYPE = YES;
				GCC_WARN_UNINITIALIZED_AUTOS = YES;
				GCC_WARN_UNUSED_VARIABLE = YES;
				MACOSX_DEPLOYMENT_TARGET = 10.8;
				OTHER_LDFLAGS = "-lc++";
				PRODUCT_NAME = "$(TARGET_NAME)";
				SDKROOT = macosx;
			};
			name = Release;
		};
		A11842A517EC697100EE4FD8 /* Debug */ = {
			isa = XCBuildConfiguration;
			buildSettings = {
				ALWAYS_SEARCH_USER_PATHS = NO;
				CLANG_CXX_LANGUAGE_STANDARD = "gnu++0x";
				CLANG_CXX_LIBRARY = "libc++";
				CLANG_ENABLE_OBJC_ARC = YES;
				CLANG_WARN_BOOL_CONVERSION = YES;
				CLANG_WARN_CONSTANT_CONVERSION = YES;
				CLANG_WARN_DIRECT_OBJC_ISA_USAGE = YES_ERROR;
				CLANG_WARN_EMPTY_BODY = YES;
				CLANG_WARN_ENUM_CONVERSION = YES;
				CLANG_WARN_INT_CONVERSION = YES;
				CLANG_WARN_OBJC_ROOT_CLASS = YES_ERROR;
				CLANG_WARN__DUPLICATE_METHOD_MATCH = YES;
				COPY_PHASE_STRIP = NO;
				FRAMEWORK_SEARCH_PATHS = (
					"$(inherited)",
					/Users/agrosam/Develop/Promise/Build/Products/Debug,
				);
				GCC_C_LANGUAGE_STANDARD = gnu99;
				GCC_DYNAMIC_NO_PIC = NO;
				GCC_ENABLE_OBJC_EXCEPTIONS = YES;
				GCC_OPTIMIZATION_LEVEL = 0;
				GCC_PRECOMPILE_PREFIX_HEADER = YES;
				GCC_PREFIX_HEADER = "Sample5/Sample5-Prefix.pch";
				GCC_PREPROCESSOR_DEFINITIONS = (
					"DEBUG=1",
					"$(inherited)",
				);
				GCC_SYMBOLS_PRIVATE_EXTERN = NO;
				GCC_WARN_64_TO_32_BIT_CONVERSION = YES;
				GCC_WARN_ABOUT_RETURN_TYPE = YES_ERROR;
				GCC_WARN_UNDECLARED_SELECTOR = YES;
				GCC_WARN_UNINITIALIZED_AUTOS = YES;
				GCC_WARN_UNUSED_FUNCTION = YES;
				GCC_WARN_UNUSED_VARIABLE = YES;
				MACOSX_DEPLOYMENT_TARGET = 10.8;
				ONLY_ACTIVE_ARCH = YES;
				PRODUCT_NAME = "$(TARGET_NAME)";
				SDKROOT = macosx;
			};
			name = Debug;
		};
		A11842A617EC697100EE4FD8 /* Release */ = {
			isa = XCBuildConfiguration;
			buildSettings = {
				ALWAYS_SEARCH_USER_PATHS = NO;
				CLANG_CXX_LANGUAGE_STANDARD = "gnu++0x";
				CLANG_CXX_LIBRARY = "libc++";
				CLANG_ENABLE_OBJC_ARC = YES;
				CLANG_WARN_BOOL_CONVERSION = YES;
				CLANG_WARN_CONSTANT_CONVERSION = YES;
				CLANG_WARN_DIRECT_OBJC_ISA_USAGE = YES_ERROR;
				CLANG_WARN_EMPTY_BODY = YES;
				CLANG_WARN_ENUM_CONVERSION = YES;
				CLANG_WARN_INT_CONVERSION = YES;
				CLANG_WARN_OBJC_ROOT_CLASS = YES_ERROR;
				CLANG_WARN__DUPLICATE_METHOD_MATCH = YES;
				COPY_PHASE_STRIP = YES;
				DEBUG_INFORMATION_FORMAT = "dwarf-with-dsym";
				ENABLE_NS_ASSERTIONS = NO;
				FRAMEWORK_SEARCH_PATHS = (
					"$(inherited)",
					/Users/agrosam/Develop/Promise/Build/Products/Debug,
				);
				GCC_C_LANGUAGE_STANDARD = gnu99;
				GCC_ENABLE_OBJC_EXCEPTIONS = YES;
				GCC_PRECOMPILE_PREFIX_HEADER = YES;
				GCC_PREFIX_HEADER = "Sample5/Sample5-Prefix.pch";
				GCC_WARN_64_TO_32_BIT_CONVERSION = YES;
				GCC_WARN_ABOUT_RETURN_TYPE = YES_ERROR;
				GCC_WARN_UNDECLARED_SELECTOR = YES;
				GCC_WARN_UNINITIALIZED_AUTOS = YES;
				GCC_WARN_UNUSED_FUNCTION = YES;
				GCC_WARN_UNUSED_VARIABLE = YES;
				MACOSX_DEPLOYMENT_TARGET = 10.8;
				PRODUCT_NAME = "$(TARGET_NAME)";
				SDKROOT = macosx;
			};
			name = Release;
		};
		A15CD82B18C8EBE80067F898 /* Debug */ = {
			isa = XCBuildConfiguration;
			buildSettings = {
				ALWAYS_SEARCH_USER_PATHS = NO;
				BUILD_FOLDER = "$(BUILT_PRODUCTS_DIR)/../Release";
				CLANG_CXX_LANGUAGE_STANDARD = "gnu++0x";
				CLANG_CXX_LIBRARY = "libc++";
				CLANG_ENABLE_MODULES = YES;
				CLANG_ENABLE_OBJC_ARC = YES;
				CLANG_WARN_BOOL_CONVERSION = YES;
				CLANG_WARN_CONSTANT_CONVERSION = YES;
				CLANG_WARN_DIRECT_OBJC_ISA_USAGE = YES_ERROR;
				CLANG_WARN_EMPTY_BODY = YES;
				CLANG_WARN_ENUM_CONVERSION = YES;
				CLANG_WARN_INT_CONVERSION = YES;
				CLANG_WARN_OBJC_ROOT_CLASS = YES_ERROR;
				CLANG_WARN__DUPLICATE_METHOD_MATCH = YES;
				COPY_PHASE_STRIP = NO;
				FRAMEWORK_SEARCH_PATHS = "$(inherited)";
				GCC_C_LANGUAGE_STANDARD = gnu99;
				GCC_DYNAMIC_NO_PIC = NO;
				GCC_ENABLE_OBJC_EXCEPTIONS = YES;
				GCC_OPTIMIZATION_LEVEL = 0;
				GCC_PRECOMPILE_PREFIX_HEADER = YES;
				GCC_PREFIX_HEADER = "Sample8/Sample8-Prefix.pch";
				GCC_PREPROCESSOR_DEFINITIONS = (
					"DEBUG=1",
					"$(inherited)",
				);
				GCC_SYMBOLS_PRIVATE_EXTERN = NO;
				GCC_WARN_64_TO_32_BIT_CONVERSION = YES;
				GCC_WARN_ABOUT_RETURN_TYPE = YES_ERROR;
				GCC_WARN_UNDECLARED_SELECTOR = YES;
				GCC_WARN_UNINITIALIZED_AUTOS = YES_AGGRESSIVE;
				GCC_WARN_UNUSED_FUNCTION = YES;
				GCC_WARN_UNUSED_VARIABLE = YES;
				HEADER_SEARCH_PATHS = "$(inherited)";
				MACOSX_DEPLOYMENT_TARGET = 10.9;
				PRODUCT_NAME = "$(TARGET_NAME)";
				SDKROOT = macosx;
			};
			name = Debug;
		};
		A15CD82C18C8EBE80067F898 /* Release */ = {
			isa = XCBuildConfiguration;
			buildSettings = {
				ALWAYS_SEARCH_USER_PATHS = NO;
				BUILD_FOLDER = "$(BUILT_PRODUCTS_DIR)/../Release";
				CLANG_CXX_LANGUAGE_STANDARD = "gnu++0x";
				CLANG_CXX_LIBRARY = "libc++";
				CLANG_ENABLE_MODULES = YES;
				CLANG_ENABLE_OBJC_ARC = YES;
				CLANG_WARN_BOOL_CONVERSION = YES;
				CLANG_WARN_CONSTANT_CONVERSION = YES;
				CLANG_WARN_DIRECT_OBJC_ISA_USAGE = YES_ERROR;
				CLANG_WARN_EMPTY_BODY = YES;
				CLANG_WARN_ENUM_CONVERSION = YES;
				CLANG_WARN_INT_CONVERSION = YES;
				CLANG_WARN_OBJC_ROOT_CLASS = YES_ERROR;
				CLANG_WARN__DUPLICATE_METHOD_MATCH = YES;
				COPY_PHASE_STRIP = YES;
				DEBUG_INFORMATION_FORMAT = "dwarf-with-dsym";
				ENABLE_NS_ASSERTIONS = NO;
				FRAMEWORK_SEARCH_PATHS = "$(inherited)";
				GCC_C_LANGUAGE_STANDARD = gnu99;
				GCC_ENABLE_OBJC_EXCEPTIONS = YES;
				GCC_OPTIMIZATION_LEVEL = 2;
				GCC_PRECOMPILE_PREFIX_HEADER = YES;
				GCC_PREFIX_HEADER = "Sample8/Sample8-Prefix.pch";
				GCC_WARN_64_TO_32_BIT_CONVERSION = YES;
				GCC_WARN_ABOUT_RETURN_TYPE = YES_ERROR;
				GCC_WARN_UNDECLARED_SELECTOR = YES;
				GCC_WARN_UNINITIALIZED_AUTOS = YES_AGGRESSIVE;
				GCC_WARN_UNUSED_FUNCTION = YES;
				GCC_WARN_UNUSED_VARIABLE = YES;
				HEADER_SEARCH_PATHS = "$(inherited)";
				MACOSX_DEPLOYMENT_TARGET = 10.9;
				PRODUCT_NAME = "$(TARGET_NAME)";
				SDKROOT = macosx;
			};
			name = Release;
		};
		A1A378A217847A980037A3AC /* Debug */ = {
			isa = XCBuildConfiguration;
			buildSettings = {
				ONLY_ACTIVE_ARCH = YES;
			};
			name = Debug;
		};
		A1A378A317847A980037A3AC /* Release */ = {
			isa = XCBuildConfiguration;
			buildSettings = {
			};
			name = Release;
		};
		A1A378C517847AC00037A3AC /* Debug */ = {
			isa = XCBuildConfiguration;
			buildSettings = {
				ALWAYS_SEARCH_USER_PATHS = NO;
				CLANG_CXX_LANGUAGE_STANDARD = "c++0x";
				CLANG_CXX_LIBRARY = "libc++";
				CLANG_ENABLE_OBJC_ARC = YES;
				CLANG_WARN_CONSTANT_CONVERSION = YES;
				CLANG_WARN_EMPTY_BODY = YES;
				CLANG_WARN_ENUM_CONVERSION = YES;
				CLANG_WARN_INT_CONVERSION = YES;
				CLANG_WARN__DUPLICATE_METHOD_MATCH = YES;
				COPY_PHASE_STRIP = NO;
				FRAMEWORK_SEARCH_PATHS = (
					"$(inherited)",
					/Users/agrosam/Develop/Promise/Build/Products/Debug,
				);
				GCC_C_LANGUAGE_STANDARD = gnu99;
				GCC_DYNAMIC_NO_PIC = NO;
				GCC_ENABLE_OBJC_EXCEPTIONS = YES;
				GCC_OPTIMIZATION_LEVEL = 0;
				GCC_PRECOMPILE_PREFIX_HEADER = YES;
				GCC_PREFIX_HEADER = "Sample1/Sample1-Prefix.pch";
				GCC_PREPROCESSOR_DEFINITIONS = (
					"DEBUG=1",
					"$(inherited)",
				);
				GCC_SYMBOLS_PRIVATE_EXTERN = NO;
				GCC_WARN_64_TO_32_BIT_CONVERSION = YES;
				GCC_WARN_ABOUT_RETURN_TYPE = YES;
				GCC_WARN_UNINITIALIZED_AUTOS = YES;
				GCC_WARN_UNUSED_VARIABLE = YES;
				MACOSX_DEPLOYMENT_TARGET = 10.8;
				ONLY_ACTIVE_ARCH = YES;
				PRODUCT_NAME = "$(TARGET_NAME)";
				SDKROOT = macosx;
			};
			name = Debug;
		};
		A1A378C617847AC00037A3AC /* Release */ = {
			isa = XCBuildConfiguration;
			buildSettings = {
				ALWAYS_SEARCH_USER_PATHS = NO;
				CLANG_CXX_LANGUAGE_STANDARD = "c++0x";
				CLANG_CXX_LIBRARY = "libc++";
				CLANG_ENABLE_OBJC_ARC = YES;
				CLANG_WARN_CONSTANT_CONVERSION = YES;
				CLANG_WARN_EMPTY_BODY = YES;
				CLANG_WARN_ENUM_CONVERSION = YES;
				CLANG_WARN_INT_CONVERSION = YES;
				CLANG_WARN__DUPLICATE_METHOD_MATCH = YES;
				COPY_PHASE_STRIP = YES;
				DEBUG_INFORMATION_FORMAT = "dwarf-with-dsym";
				FRAMEWORK_SEARCH_PATHS = (
					"$(inherited)",
					/Users/agrosam/Develop/Promise/Build/Products/Debug,
				);
				GCC_C_LANGUAGE_STANDARD = gnu99;
				GCC_ENABLE_OBJC_EXCEPTIONS = YES;
				GCC_PRECOMPILE_PREFIX_HEADER = YES;
				GCC_PREFIX_HEADER = "Sample1/Sample1-Prefix.pch";
				GCC_WARN_64_TO_32_BIT_CONVERSION = YES;
				GCC_WARN_ABOUT_RETURN_TYPE = YES;
				GCC_WARN_UNINITIALIZED_AUTOS = YES;
				GCC_WARN_UNUSED_VARIABLE = YES;
				MACOSX_DEPLOYMENT_TARGET = 10.8;
				PRODUCT_NAME = "$(TARGET_NAME)";
				SDKROOT = macosx;
			};
			name = Release;
		};
		A1A378D71784BC6A0037A3AC /* Debug */ = {
			isa = XCBuildConfiguration;
			buildSettings = {
				ALWAYS_SEARCH_USER_PATHS = NO;
				CLANG_CXX_LANGUAGE_STANDARD = "c++0x";
				CLANG_CXX_LIBRARY = "libc++";
				CLANG_ENABLE_OBJC_ARC = YES;
				CLANG_WARN_CONSTANT_CONVERSION = YES;
				CLANG_WARN_EMPTY_BODY = YES;
				CLANG_WARN_ENUM_CONVERSION = YES;
				CLANG_WARN_INT_CONVERSION = YES;
				CLANG_WARN__DUPLICATE_METHOD_MATCH = YES;
				COPY_PHASE_STRIP = NO;
				FRAMEWORK_SEARCH_PATHS = (
					"$(inherited)",
					/Users/agrosam/Develop/Promise/Build/Products/Debug,
				);
				GCC_C_LANGUAGE_STANDARD = gnu99;
				GCC_DYNAMIC_NO_PIC = NO;
				GCC_ENABLE_OBJC_EXCEPTIONS = YES;
				GCC_OPTIMIZATION_LEVEL = 0;
				GCC_PRECOMPILE_PREFIX_HEADER = YES;
				GCC_PREFIX_HEADER = "Sample2/Sample2-Prefix.pch";
				GCC_PREPROCESSOR_DEFINITIONS = (
					"DEBUG=1",
					"$(inherited)",
				);
				GCC_SYMBOLS_PRIVATE_EXTERN = NO;
				GCC_WARN_64_TO_32_BIT_CONVERSION = YES;
				GCC_WARN_ABOUT_RETURN_TYPE = YES;
				GCC_WARN_UNINITIALIZED_AUTOS = YES;
				GCC_WARN_UNUSED_VARIABLE = YES;
				MACOSX_DEPLOYMENT_TARGET = 10.8;
				ONLY_ACTIVE_ARCH = YES;
				PRODUCT_NAME = "$(TARGET_NAME)";
				SDKROOT = macosx;
			};
			name = Debug;
		};
		A1A378D81784BC6A0037A3AC /* Release */ = {
			isa = XCBuildConfiguration;
			buildSettings = {
				ALWAYS_SEARCH_USER_PATHS = NO;
				CLANG_CXX_LANGUAGE_STANDARD = "c++0x";
				CLANG_CXX_LIBRARY = "libc++";
				CLANG_ENABLE_OBJC_ARC = YES;
				CLANG_WARN_CONSTANT_CONVERSION = YES;
				CLANG_WARN_EMPTY_BODY = YES;
				CLANG_WARN_ENUM_CONVERSION = YES;
				CLANG_WARN_INT_CONVERSION = YES;
				CLANG_WARN__DUPLICATE_METHOD_MATCH = YES;
				COPY_PHASE_STRIP = YES;
				DEBUG_INFORMATION_FORMAT = "dwarf-with-dsym";
				FRAMEWORK_SEARCH_PATHS = (
					"$(inherited)",
					/Users/agrosam/Develop/Promise/Build/Products/Debug,
				);
				GCC_C_LANGUAGE_STANDARD = gnu99;
				GCC_ENABLE_OBJC_EXCEPTIONS = YES;
				GCC_PRECOMPILE_PREFIX_HEADER = YES;
				GCC_PREFIX_HEADER = "Sample2/Sample2-Prefix.pch";
				GCC_WARN_64_TO_32_BIT_CONVERSION = YES;
				GCC_WARN_ABOUT_RETURN_TYPE = YES;
				GCC_WARN_UNINITIALIZED_AUTOS = YES;
				GCC_WARN_UNUSED_VARIABLE = YES;
				MACOSX_DEPLOYMENT_TARGET = 10.8;
				PRODUCT_NAME = "$(TARGET_NAME)";
				SDKROOT = macosx;
			};
			name = Release;
		};
		A1C9FE08184DE98800872798 /* Debug */ = {
			isa = XCBuildConfiguration;
			buildSettings = {
				ALWAYS_SEARCH_USER_PATHS = NO;
				CLANG_CXX_LANGUAGE_STANDARD = "gnu++0x";
				CLANG_CXX_LIBRARY = "libc++";
				CLANG_ENABLE_OBJC_ARC = YES;
				CLANG_WARN_BOOL_CONVERSION = YES;
				CLANG_WARN_CONSTANT_CONVERSION = YES;
				CLANG_WARN_DIRECT_OBJC_ISA_USAGE = YES_ERROR;
				CLANG_WARN_EMPTY_BODY = YES;
				CLANG_WARN_ENUM_CONVERSION = YES;
				CLANG_WARN_INT_CONVERSION = YES;
				CLANG_WARN_OBJC_ROOT_CLASS = YES_ERROR;
				CLANG_WARN__DUPLICATE_METHOD_MATCH = YES;
				COPY_PHASE_STRIP = NO;
				FRAMEWORK_SEARCH_PATHS = (
					"$(inherited)",
					"$(USER_LIBRARY_DIR)/Developer/Xcode/DerivedData/Promise-dgyrvqswrkfnaoathrecbvjiyjmc/Build/Products/Debug",
				);
				GCC_C_LANGUAGE_STANDARD = gnu99;
				GCC_DYNAMIC_NO_PIC = NO;
				GCC_ENABLE_OBJC_EXCEPTIONS = YES;
				GCC_OPTIMIZATION_LEVEL = 0;
				GCC_PRECOMPILE_PREFIX_HEADER = YES;
				GCC_PREFIX_HEADER = "Sample6/Sample6-Prefix.pch";
				GCC_PREPROCESSOR_DEFINITIONS = (
					"DEBUG=1",
					"$(inherited)",
				);
				GCC_SYMBOLS_PRIVATE_EXTERN = NO;
				GCC_WARN_64_TO_32_BIT_CONVERSION = YES;
				GCC_WARN_ABOUT_RETURN_TYPE = YES_ERROR;
				GCC_WARN_UNDECLARED_SELECTOR = YES;
				GCC_WARN_UNINITIALIZED_AUTOS = YES;
				GCC_WARN_UNUSED_FUNCTION = YES;
				GCC_WARN_UNUSED_VARIABLE = YES;
				MACOSX_DEPLOYMENT_TARGET = 10.9;
				PRODUCT_NAME = "$(TARGET_NAME)";
				SDKROOT = macosx;
			};
			name = Debug;
		};
		A1C9FE09184DE98800872798 /* Release */ = {
			isa = XCBuildConfiguration;
			buildSettings = {
				ALWAYS_SEARCH_USER_PATHS = NO;
				CLANG_CXX_LANGUAGE_STANDARD = "gnu++0x";
				CLANG_CXX_LIBRARY = "libc++";
				CLANG_ENABLE_OBJC_ARC = YES;
				CLANG_WARN_BOOL_CONVERSION = YES;
				CLANG_WARN_CONSTANT_CONVERSION = YES;
				CLANG_WARN_DIRECT_OBJC_ISA_USAGE = YES_ERROR;
				CLANG_WARN_EMPTY_BODY = YES;
				CLANG_WARN_ENUM_CONVERSION = YES;
				CLANG_WARN_INT_CONVERSION = YES;
				CLANG_WARN_OBJC_ROOT_CLASS = YES_ERROR;
				CLANG_WARN__DUPLICATE_METHOD_MATCH = YES;
				COPY_PHASE_STRIP = YES;
				DEBUG_INFORMATION_FORMAT = "dwarf-with-dsym";
				ENABLE_NS_ASSERTIONS = NO;
				FRAMEWORK_SEARCH_PATHS = (
					"$(inherited)",
					"$(USER_LIBRARY_DIR)/Developer/Xcode/DerivedData/Promise-dgyrvqswrkfnaoathrecbvjiyjmc/Build/Products/Debug",
				);
				GCC_C_LANGUAGE_STANDARD = gnu99;
				GCC_ENABLE_OBJC_EXCEPTIONS = YES;
				GCC_PRECOMPILE_PREFIX_HEADER = YES;
				GCC_PREFIX_HEADER = "Sample6/Sample6-Prefix.pch";
				GCC_WARN_64_TO_32_BIT_CONVERSION = YES;
				GCC_WARN_ABOUT_RETURN_TYPE = YES_ERROR;
				GCC_WARN_UNDECLARED_SELECTOR = YES;
				GCC_WARN_UNINITIALIZED_AUTOS = YES;
				GCC_WARN_UNUSED_FUNCTION = YES;
				GCC_WARN_UNUSED_VARIABLE = YES;
				MACOSX_DEPLOYMENT_TARGET = 10.9;
				PRODUCT_NAME = "$(TARGET_NAME)";
				SDKROOT = macosx;
			};
			name = Release;
		};
		A1D9632B17953DBC00090EDC /* Debug */ = {
			isa = XCBuildConfiguration;
			buildSettings = {
				ALWAYS_SEARCH_USER_PATHS = NO;
				CLANG_CXX_LANGUAGE_STANDARD = "c++0x";
				CLANG_CXX_LIBRARY = "libc++";
				CLANG_ENABLE_MODULES = YES;
				CLANG_ENABLE_OBJC_ARC = YES;
				CLANG_WARN_BOOL_CONVERSION = YES;
				CLANG_WARN_CONSTANT_CONVERSION = YES;
				CLANG_WARN_DIRECT_OBJC_ISA_USAGE = YES_ERROR;
				CLANG_WARN_EMPTY_BODY = YES;
				CLANG_WARN_ENUM_CONVERSION = YES;
				CLANG_WARN_INT_CONVERSION = YES;
				CLANG_WARN_OBJC_ROOT_CLASS = YES_ERROR;
				CLANG_WARN__DUPLICATE_METHOD_MATCH = YES;
				COPY_PHASE_STRIP = NO;
				FRAMEWORK_SEARCH_PATHS = (
					"$(inherited)",
					/Users/agrosam/Develop/Promise/Build/Products/Debug,
				);
				GCC_C_LANGUAGE_STANDARD = gnu99;
				GCC_DYNAMIC_NO_PIC = NO;
				GCC_ENABLE_OBJC_EXCEPTIONS = YES;
				GCC_OPTIMIZATION_LEVEL = 0;
				GCC_PRECOMPILE_PREFIX_HEADER = YES;
				GCC_PREFIX_HEADER = "Sample4/Sample4-Prefix.pch";
				GCC_PREPROCESSOR_DEFINITIONS = (
					"DEBUG=1",
					"$(inherited)",
				);
				GCC_SYMBOLS_PRIVATE_EXTERN = NO;
				GCC_WARN_64_TO_32_BIT_CONVERSION = YES;
				GCC_WARN_ABOUT_RETURN_TYPE = YES_ERROR;
				GCC_WARN_UNDECLARED_SELECTOR = YES;
				GCC_WARN_UNINITIALIZED_AUTOS = YES;
				GCC_WARN_UNUSED_FUNCTION = YES;
				GCC_WARN_UNUSED_VARIABLE = YES;
				MACOSX_DEPLOYMENT_TARGET = 10.8;
				ONLY_ACTIVE_ARCH = YES;
				OTHER_LDFLAGS = "-lc++";
				PRODUCT_NAME = "$(TARGET_NAME)";
				SDKROOT = macosx;
			};
			name = Debug;
		};
		A1D9632C17953DBC00090EDC /* Release */ = {
			isa = XCBuildConfiguration;
			buildSettings = {
				ALWAYS_SEARCH_USER_PATHS = NO;
				CLANG_CXX_LANGUAGE_STANDARD = "c++0x";
				CLANG_CXX_LIBRARY = "libc++";
				CLANG_ENABLE_MODULES = YES;
				CLANG_ENABLE_OBJC_ARC = YES;
				CLANG_WARN_BOOL_CONVERSION = YES;
				CLANG_WARN_CONSTANT_CONVERSION = YES;
				CLANG_WARN_DIRECT_OBJC_ISA_USAGE = YES_ERROR;
				CLANG_WARN_EMPTY_BODY = YES;
				CLANG_WARN_ENUM_CONVERSION = YES;
				CLANG_WARN_INT_CONVERSION = YES;
				CLANG_WARN_OBJC_ROOT_CLASS = YES_ERROR;
				CLANG_WARN__DUPLICATE_METHOD_MATCH = YES;
				COPY_PHASE_STRIP = YES;
				DEBUG_INFORMATION_FORMAT = "dwarf-with-dsym";
				ENABLE_NS_ASSERTIONS = NO;
				FRAMEWORK_SEARCH_PATHS = (
					"$(inherited)",
					/Users/agrosam/Develop/Promise/Build/Products/Debug,
				);
				GCC_C_LANGUAGE_STANDARD = gnu99;
				GCC_ENABLE_OBJC_EXCEPTIONS = YES;
				GCC_PRECOMPILE_PREFIX_HEADER = YES;
				GCC_PREFIX_HEADER = "Sample4/Sample4-Prefix.pch";
				GCC_WARN_64_TO_32_BIT_CONVERSION = YES;
				GCC_WARN_ABOUT_RETURN_TYPE = YES_ERROR;
				GCC_WARN_UNDECLARED_SELECTOR = YES;
				GCC_WARN_UNINITIALIZED_AUTOS = YES;
				GCC_WARN_UNUSED_FUNCTION = YES;
				GCC_WARN_UNUSED_VARIABLE = YES;
				MACOSX_DEPLOYMENT_TARGET = 10.8;
				OTHER_LDFLAGS = "-lc++";
				PRODUCT_NAME = "$(TARGET_NAME)";
				SDKROOT = macosx;
			};
			name = Release;
		};
		A1E6AD0F18BE9447004A7037 /* Debug */ = {
			isa = XCBuildConfiguration;
			buildSettings = {
				ALWAYS_SEARCH_USER_PATHS = NO;
				CLANG_CXX_LANGUAGE_STANDARD = "gnu++0x";
				CLANG_CXX_LIBRARY = "libc++";
				CLANG_ENABLE_MODULES = YES;
				CLANG_ENABLE_OBJC_ARC = YES;
				CLANG_WARN_BOOL_CONVERSION = YES;
				CLANG_WARN_CONSTANT_CONVERSION = YES;
				CLANG_WARN_DIRECT_OBJC_ISA_USAGE = YES_ERROR;
				CLANG_WARN_EMPTY_BODY = YES;
				CLANG_WARN_ENUM_CONVERSION = YES;
				CLANG_WARN_INT_CONVERSION = YES;
				CLANG_WARN_OBJC_ROOT_CLASS = YES_ERROR;
				CLANG_WARN__DUPLICATE_METHOD_MATCH = YES;
				COPY_PHASE_STRIP = NO;
				FRAMEWORK_SEARCH_PATHS = (
					"$(inherited)",
					/Users/agrosam/Develop/Promise/DerivedData/Promise/Build/Products/Debug,
				);
				GCC_C_LANGUAGE_STANDARD = gnu99;
				GCC_DYNAMIC_NO_PIC = NO;
				GCC_ENABLE_OBJC_EXCEPTIONS = YES;
				GCC_OPTIMIZATION_LEVEL = 0;
				GCC_PREPROCESSOR_DEFINITIONS = (
					"DEBUG=1",
					"$(inherited)",
				);
				GCC_SYMBOLS_PRIVATE_EXTERN = NO;
				GCC_WARN_64_TO_32_BIT_CONVERSION = YES;
				GCC_WARN_ABOUT_RETURN_TYPE = YES_ERROR;
				GCC_WARN_UNDECLARED_SELECTOR = YES;
				GCC_WARN_UNINITIALIZED_AUTOS = YES_AGGRESSIVE;
				GCC_WARN_UNUSED_FUNCTION = YES;
				GCC_WARN_UNUSED_VARIABLE = YES;
				MACOSX_DEPLOYMENT_TARGET = 10.9;
				PRODUCT_NAME = "$(TARGET_NAME)";
				SDKROOT = macosx;
			};
			name = Debug;
		};
		A1E6AD1018BE9447004A7037 /* Release */ = {
			isa = XCBuildConfiguration;
			buildSettings = {
				ALWAYS_SEARCH_USER_PATHS = NO;
				CLANG_CXX_LANGUAGE_STANDARD = "gnu++0x";
				CLANG_CXX_LIBRARY = "libc++";
				CLANG_ENABLE_MODULES = YES;
				CLANG_ENABLE_OBJC_ARC = YES;
				CLANG_WARN_BOOL_CONVERSION = YES;
				CLANG_WARN_CONSTANT_CONVERSION = YES;
				CLANG_WARN_DIRECT_OBJC_ISA_USAGE = YES_ERROR;
				CLANG_WARN_EMPTY_BODY = YES;
				CLANG_WARN_ENUM_CONVERSION = YES;
				CLANG_WARN_INT_CONVERSION = YES;
				CLANG_WARN_OBJC_ROOT_CLASS = YES_ERROR;
				CLANG_WARN__DUPLICATE_METHOD_MATCH = YES;
				COPY_PHASE_STRIP = YES;
				DEBUG_INFORMATION_FORMAT = "dwarf-with-dsym";
				ENABLE_NS_ASSERTIONS = NO;
				FRAMEWORK_SEARCH_PATHS = (
					"$(inherited)",
					/Users/agrosam/Develop/Promise/DerivedData/Promise/Build/Products/Debug,
				);
				GCC_C_LANGUAGE_STANDARD = gnu99;
				GCC_ENABLE_OBJC_EXCEPTIONS = YES;
				GCC_WARN_64_TO_32_BIT_CONVERSION = YES;
				GCC_WARN_ABOUT_RETURN_TYPE = YES_ERROR;
				GCC_WARN_UNDECLARED_SELECTOR = YES;
				GCC_WARN_UNINITIALIZED_AUTOS = YES_AGGRESSIVE;
				GCC_WARN_UNUSED_FUNCTION = YES;
				GCC_WARN_UNUSED_VARIABLE = YES;
				MACOSX_DEPLOYMENT_TARGET = 10.9;
				PRODUCT_NAME = "$(TARGET_NAME)";
				SDKROOT = macosx;
			};
			name = Release;
		};
/* End XCBuildConfiguration section */

/* Begin XCConfigurationList section */
		A10A620E17858A4F0019F7EA /* Build configuration list for PBXNativeTarget "Sample3" */ = {
			isa = XCConfigurationList;
			buildConfigurations = (
				A10A620F17858A4F0019F7EA /* Debug */,
				A10A621017858A4F0019F7EA /* Release */,
			);
			defaultConfigurationIsVisible = 0;
			defaultConfigurationName = Release;
		};
		A11842A717EC697100EE4FD8 /* Build configuration list for PBXNativeTarget "Sample5" */ = {
			isa = XCConfigurationList;
			buildConfigurations = (
				A11842A517EC697100EE4FD8 /* Debug */,
				A11842A617EC697100EE4FD8 /* Release */,
			);
			defaultConfigurationIsVisible = 0;
			defaultConfigurationName = Release;
		};
		A15CD82D18C8EBE80067F898 /* Build configuration list for PBXNativeTarget "Sample8" */ = {
			isa = XCConfigurationList;
			buildConfigurations = (
				A15CD82B18C8EBE80067F898 /* Debug */,
				A15CD82C18C8EBE80067F898 /* Release */,
			);
			defaultConfigurationIsVisible = 0;
			defaultConfigurationName = Release;
		};
		A1A378A117847A980037A3AC /* Build configuration list for PBXProject "Samples" */ = {
			isa = XCConfigurationList;
			buildConfigurations = (
				A1A378A217847A980037A3AC /* Debug */,
				A1A378A317847A980037A3AC /* Release */,
			);
			defaultConfigurationIsVisible = 0;
			defaultConfigurationName = Release;
		};
		A1A378C417847AC00037A3AC /* Build configuration list for PBXNativeTarget "Sample1" */ = {
			isa = XCConfigurationList;
			buildConfigurations = (
				A1A378C517847AC00037A3AC /* Debug */,
				A1A378C617847AC00037A3AC /* Release */,
			);
			defaultConfigurationIsVisible = 0;
			defaultConfigurationName = Release;
		};
		A1A378D61784BC6A0037A3AC /* Build configuration list for PBXNativeTarget "Sample2" */ = {
			isa = XCConfigurationList;
			buildConfigurations = (
				A1A378D71784BC6A0037A3AC /* Debug */,
				A1A378D81784BC6A0037A3AC /* Release */,
			);
			defaultConfigurationIsVisible = 0;
			defaultConfigurationName = Release;
		};
		A1C9FE0A184DE98800872798 /* Build configuration list for PBXNativeTarget "Sample6" */ = {
			isa = XCConfigurationList;
			buildConfigurations = (
				A1C9FE08184DE98800872798 /* Debug */,
				A1C9FE09184DE98800872798 /* Release */,
			);
			defaultConfigurationIsVisible = 0;
			defaultConfigurationName = Release;
		};
		A1D9632D17953DBC00090EDC /* Build configuration list for PBXNativeTarget "Sample4" */ = {
			isa = XCConfigurationList;
			buildConfigurations = (
				A1D9632B17953DBC00090EDC /* Debug */,
				A1D9632C17953DBC00090EDC /* Release */,
			);
			defaultConfigurationIsVisible = 0;
			defaultConfigurationName = Release;
		};
		A1E6AD1118BE9447004A7037 /* Build configuration list for PBXNativeTarget "Sample7" */ = {
			isa = XCConfigurationList;
			buildConfigurations = (
				A1E6AD0F18BE9447004A7037 /* Debug */,
				A1E6AD1018BE9447004A7037 /* Release */,
			);
			defaultConfigurationIsVisible = 0;
			defaultConfigurationName = Release;
		};
/* End XCConfigurationList section */
	};
	rootObject = A1A3789E17847A980037A3AC /* Project object */;
}
