// !$*UTF8*$!
{
	archiveVersion = 1;
	classes = {
	};
	objectVersion = 46;
	objects = {

/* Begin PBXBuildFile section */
		A10A620617858A4F0019F7EA /* Foundation.framework in Frameworks */ = {isa = PBXBuildFile; fileRef = A1A378BB17847AC00037A3AC /* Foundation.framework */; };
		A10A620917858A4F0019F7EA /* main.m in Sources */ = {isa = PBXBuildFile; fileRef = A10A620817858A4F0019F7EA /* main.m */; };
		A10F1DD117ECC79F00801746 /* RXPromise.framework in Frameworks */ = {isa = PBXBuildFile; fileRef = A10F1DD017ECC79F00801746 /* RXPromise.framework */; };
		A10F1DD217ECC7A500801746 /* RXPromise.framework in Frameworks */ = {isa = PBXBuildFile; fileRef = A10F1DD017ECC79F00801746 /* RXPromise.framework */; };
		A10F1DD317ECC7AA00801746 /* RXPromise.framework in Frameworks */ = {isa = PBXBuildFile; fileRef = A10F1DD017ECC79F00801746 /* RXPromise.framework */; };
		A10F1DD417ECC7AF00801746 /* RXPromise.framework in Frameworks */ = {isa = PBXBuildFile; fileRef = A10F1DD017ECC79F00801746 /* RXPromise.framework */; };
		A10F1DD517ECC7B500801746 /* RXPromise.framework in Frameworks */ = {isa = PBXBuildFile; fileRef = A10F1DD017ECC79F00801746 /* RXPromise.framework */; };
		A118429D17EC697100EE4FD8 /* Foundation.framework in Frameworks */ = {isa = PBXBuildFile; fileRef = A1A378BB17847AC00037A3AC /* Foundation.framework */; };
		A11842A017EC697100EE4FD8 /* main.m in Sources */ = {isa = PBXBuildFile; fileRef = A118429F17EC697100EE4FD8 /* main.m */; };
		A11842B917ECA6A000EE4FD8 /* RXTimer.m in Sources */ = {isa = PBXBuildFile; fileRef = A11842B717ECA67E00EE4FD8 /* RXTimer.m */; };
		A1A378BC17847AC00037A3AC /* Foundation.framework in Frameworks */ = {isa = PBXBuildFile; fileRef = A1A378BB17847AC00037A3AC /* Foundation.framework */; };
		A1A378BF17847AC00037A3AC /* main.m in Sources */ = {isa = PBXBuildFile; fileRef = A1A378BE17847AC00037A3AC /* main.m */; };
		A1A378CE1784BC6A0037A3AC /* Foundation.framework in Frameworks */ = {isa = PBXBuildFile; fileRef = A1A378BB17847AC00037A3AC /* Foundation.framework */; };
		A1A378D11784BC6A0037A3AC /* main.m in Sources */ = {isa = PBXBuildFile; fileRef = A1A378D01784BC6A0037A3AC /* main.m */; };
		A1D9632317953DBC00090EDC /* Foundation.framework in Frameworks */ = {isa = PBXBuildFile; fileRef = A1A378BB17847AC00037A3AC /* Foundation.framework */; };
		A1D9632617953DBC00090EDC /* main.m in Sources */ = {isa = PBXBuildFile; fileRef = A1D9632517953DBC00090EDC /* main.m */; };
/* End PBXBuildFile section */

/* Begin PBXCopyFilesBuildPhase section */
		A10A620317858A4F0019F7EA /* CopyFiles */ = {
			isa = PBXCopyFilesBuildPhase;
			buildActionMask = 2147483647;
			dstPath = /usr/share/man/man1/;
			dstSubfolderSpec = 0;
			files = (
			);
			runOnlyForDeploymentPostprocessing = 1;
		};
		A118429A17EC697000EE4FD8 /* CopyFiles */ = {
			isa = PBXCopyFilesBuildPhase;
			buildActionMask = 2147483647;
			dstPath = /usr/share/man/man1/;
			dstSubfolderSpec = 0;
			files = (
			);
			runOnlyForDeploymentPostprocessing = 1;
		};
		A1A378B617847AC00037A3AC /* CopyFiles */ = {
			isa = PBXCopyFilesBuildPhase;
			buildActionMask = 2147483647;
			dstPath = /usr/share/man/man1/;
			dstSubfolderSpec = 0;
			files = (
			);
			runOnlyForDeploymentPostprocessing = 1;
		};
		A1A378CB1784BC6A0037A3AC /* CopyFiles */ = {
			isa = PBXCopyFilesBuildPhase;
			buildActionMask = 2147483647;
			dstPath = /usr/share/man/man1/;
			dstSubfolderSpec = 0;
			files = (
			);
			runOnlyForDeploymentPostprocessing = 1;
		};
		A1D9632017953DBC00090EDC /* CopyFiles */ = {
			isa = PBXCopyFilesBuildPhase;
			buildActionMask = 2147483647;
			dstPath = /usr/share/man/man1/;
			dstSubfolderSpec = 0;
			files = (
			);
			runOnlyForDeploymentPostprocessing = 1;
		};
/* End PBXCopyFilesBuildPhase section */

/* Begin PBXFileReference section */
		A10A620517858A4F0019F7EA /* Sample3 */ = {isa = PBXFileReference; explicitFileType = "compiled.mach-o.executable"; includeInIndex = 0; path = Sample3; sourceTree = BUILT_PRODUCTS_DIR; };
		A10A620817858A4F0019F7EA /* main.m */ = {isa = PBXFileReference; lastKnownFileType = sourcecode.c.objc; path = main.m; sourceTree = "<group>"; };
		A10A620B17858A4F0019F7EA /* Sample3-Prefix.pch */ = {isa = PBXFileReference; lastKnownFileType = sourcecode.c.h; path = "Sample3-Prefix.pch"; sourceTree = "<group>"; };
		A10F1DD017ECC79F00801746 /* RXPromise.framework */ = {isa = PBXFileReference; lastKnownFileType = wrapper.framework; name = RXPromise.framework; path = ../Build/Products/Debug/RXPromise.framework; sourceTree = "<group>"; };
		A118429C17EC697000EE4FD8 /* Sample5 */ = {isa = PBXFileReference; explicitFileType = "compiled.mach-o.executable"; includeInIndex = 0; path = Sample5; sourceTree = BUILT_PRODUCTS_DIR; };
		A118429F17EC697100EE4FD8 /* main.m */ = {isa = PBXFileReference; lastKnownFileType = sourcecode.c.objc; path = main.m; sourceTree = "<group>"; };
		A11842A217EC697100EE4FD8 /* Sample5-Prefix.pch */ = {isa = PBXFileReference; lastKnownFileType = sourcecode.c.h; path = "Sample5-Prefix.pch"; sourceTree = "<group>"; };
		A11842B617ECA67E00EE4FD8 /* RXTimer.h */ = {isa = PBXFileReference; fileEncoding = 4; lastKnownFileType = sourcecode.c.h; name = RXTimer.h; path = ../../Common/RXTimer.h; sourceTree = "<group>"; };
		A11842B717ECA67E00EE4FD8 /* RXTimer.m */ = {isa = PBXFileReference; fileEncoding = 4; lastKnownFileType = sourcecode.c.objc; name = RXTimer.m; path = ../../Common/RXTimer.m; sourceTree = "<group>"; };
		A1A378B817847AC00037A3AC /* Sample1 */ = {isa = PBXFileReference; explicitFileType = "compiled.mach-o.executable"; includeInIndex = 0; path = Sample1; sourceTree = BUILT_PRODUCTS_DIR; };
		A1A378BB17847AC00037A3AC /* Foundation.framework */ = {isa = PBXFileReference; lastKnownFileType = wrapper.framework; name = Foundation.framework; path = System/Library/Frameworks/Foundation.framework; sourceTree = SDKROOT; };
		A1A378BE17847AC00037A3AC /* main.m */ = {isa = PBXFileReference; lastKnownFileType = sourcecode.c.objc; path = main.m; sourceTree = "<group>"; };
		A1A378C117847AC00037A3AC /* Sample1-Prefix.pch */ = {isa = PBXFileReference; lastKnownFileType = sourcecode.c.h; path = "Sample1-Prefix.pch"; sourceTree = "<group>"; };
		A1A378CD1784BC6A0037A3AC /* Sample2 */ = {isa = PBXFileReference; explicitFileType = "compiled.mach-o.executable"; includeInIndex = 0; path = Sample2; sourceTree = BUILT_PRODUCTS_DIR; };
		A1A378D01784BC6A0037A3AC /* main.m */ = {isa = PBXFileReference; lastKnownFileType = sourcecode.c.objc; path = main.m; sourceTree = "<group>"; };
		A1A378D31784BC6A0037A3AC /* Sample2-Prefix.pch */ = {isa = PBXFileReference; lastKnownFileType = sourcecode.c.h; path = "Sample2-Prefix.pch"; sourceTree = "<group>"; };
		A1D9632217953DBC00090EDC /* Sample4 */ = {isa = PBXFileReference; explicitFileType = "compiled.mach-o.executable"; includeInIndex = 0; path = Sample4; sourceTree = BUILT_PRODUCTS_DIR; };
		A1D9632517953DBC00090EDC /* main.m */ = {isa = PBXFileReference; lastKnownFileType = sourcecode.c.objc; path = main.m; sourceTree = "<group>"; };
		A1D9632817953DBC00090EDC /* Sample4-Prefix.pch */ = {isa = PBXFileReference; lastKnownFileType = sourcecode.c.h; path = "Sample4-Prefix.pch"; sourceTree = "<group>"; };
/* End PBXFileReference section */

/* Begin PBXFrameworksBuildPhase section */
		A10A620217858A4F0019F7EA /* Frameworks */ = {
			isa = PBXFrameworksBuildPhase;
			buildActionMask = 2147483647;
			files = (
				A10F1DD317ECC7AA00801746 /* RXPromise.framework in Frameworks */,
				A10A620617858A4F0019F7EA /* Foundation.framework in Frameworks */,
			);
			runOnlyForDeploymentPostprocessing = 0;
		};
		A118429917EC697000EE4FD8 /* Frameworks */ = {
			isa = PBXFrameworksBuildPhase;
			buildActionMask = 2147483647;
			files = (
				A10F1DD517ECC7B500801746 /* RXPromise.framework in Frameworks */,
				A118429D17EC697100EE4FD8 /* Foundation.framework in Frameworks */,
			);
			runOnlyForDeploymentPostprocessing = 0;
		};
		A1A378B517847AC00037A3AC /* Frameworks */ = {
			isa = PBXFrameworksBuildPhase;
			buildActionMask = 2147483647;
			files = (
				A10F1DD117ECC79F00801746 /* RXPromise.framework in Frameworks */,
				A1A378BC17847AC00037A3AC /* Foundation.framework in Frameworks */,
			);
			runOnlyForDeploymentPostprocessing = 0;
		};
		A1A378CA1784BC6A0037A3AC /* Frameworks */ = {
			isa = PBXFrameworksBuildPhase;
			buildActionMask = 2147483647;
			files = (
				A10F1DD217ECC7A500801746 /* RXPromise.framework in Frameworks */,
				A1A378CE1784BC6A0037A3AC /* Foundation.framework in Frameworks */,
			);
			runOnlyForDeploymentPostprocessing = 0;
		};
		A1D9631F17953DBC00090EDC /* Frameworks */ = {
			isa = PBXFrameworksBuildPhase;
			buildActionMask = 2147483647;
			files = (
				A10F1DD417ECC7AF00801746 /* RXPromise.framework in Frameworks */,
				A1D9632317953DBC00090EDC /* Foundation.framework in Frameworks */,
			);
			runOnlyForDeploymentPostprocessing = 0;
		};
/* End PBXFrameworksBuildPhase section */

/* Begin PBXGroup section */
		A10A620717858A4F0019F7EA /* Sample3 */ = {
			isa = PBXGroup;
			children = (
				A10A620817858A4F0019F7EA /* main.m */,
				A10A620A17858A4F0019F7EA /* Supporting Files */,
			);
			path = Sample3;
			sourceTree = "<group>";
		};
		A10A620A17858A4F0019F7EA /* Supporting Files */ = {
			isa = PBXGroup;
			children = (
				A10A620B17858A4F0019F7EA /* Sample3-Prefix.pch */,
			);
			name = "Supporting Files";
			sourceTree = "<group>";
		};
		A118429E17EC697100EE4FD8 /* Sample5 */ = {
			isa = PBXGroup;
			children = (
				A11842B617ECA67E00EE4FD8 /* RXTimer.h */,
				A11842B717ECA67E00EE4FD8 /* RXTimer.m */,
				A118429F17EC697100EE4FD8 /* main.m */,
				A11842A117EC697100EE4FD8 /* Supporting Files */,
			);
			path = Sample5;
			sourceTree = "<group>";
		};
		A11842A117EC697100EE4FD8 /* Supporting Files */ = {
			isa = PBXGroup;
			children = (
				A11842A217EC697100EE4FD8 /* Sample5-Prefix.pch */,
			);
			name = "Supporting Files";
			sourceTree = "<group>";
		};
		A1A3789D17847A980037A3AC = {
			isa = PBXGroup;
			children = (
				A1A378BD17847AC00037A3AC /* Sample1 */,
				A1A378CF1784BC6A0037A3AC /* Sample2 */,
				A10A620717858A4F0019F7EA /* Sample3 */,
				A1D9632417953DBC00090EDC /* Sample4 */,
				A118429E17EC697100EE4FD8 /* Sample5 */,
				A1A378BA17847AC00037A3AC /* Frameworks */,
				A1A378B917847AC00037A3AC /* Products */,
			);
			sourceTree = "<group>";
		};
		A1A378B917847AC00037A3AC /* Products */ = {
			isa = PBXGroup;
			children = (
				A1A378B817847AC00037A3AC /* Sample1 */,
				A1A378CD1784BC6A0037A3AC /* Sample2 */,
				A10A620517858A4F0019F7EA /* Sample3 */,
				A1D9632217953DBC00090EDC /* Sample4 */,
				A118429C17EC697000EE4FD8 /* Sample5 */,
			);
			name = Products;
			sourceTree = "<group>";
		};
		A1A378BA17847AC00037A3AC /* Frameworks */ = {
			isa = PBXGroup;
			children = (
				A10F1DD017ECC79F00801746 /* RXPromise.framework */,
				A1A378BB17847AC00037A3AC /* Foundation.framework */,
			);
			name = Frameworks;
			sourceTree = "<group>";
		};
		A1A378BD17847AC00037A3AC /* Sample1 */ = {
			isa = PBXGroup;
			children = (
				A1A378BE17847AC00037A3AC /* main.m */,
				A1A378C017847AC00037A3AC /* Supporting Files */,
			);
			path = Sample1;
			sourceTree = "<group>";
		};
		A1A378C017847AC00037A3AC /* Supporting Files */ = {
			isa = PBXGroup;
			children = (
				A1A378C117847AC00037A3AC /* Sample1-Prefix.pch */,
			);
			name = "Supporting Files";
			sourceTree = "<group>";
		};
		A1A378CF1784BC6A0037A3AC /* Sample2 */ = {
			isa = PBXGroup;
			children = (
				A1A378D01784BC6A0037A3AC /* main.m */,
				A1A378D21784BC6A0037A3AC /* Supporting Files */,
			);
			path = Sample2;
			sourceTree = "<group>";
		};
		A1A378D21784BC6A0037A3AC /* Supporting Files */ = {
			isa = PBXGroup;
			children = (
				A1A378D31784BC6A0037A3AC /* Sample2-Prefix.pch */,
			);
			name = "Supporting Files";
			sourceTree = "<group>";
		};
		A1D9632417953DBC00090EDC /* Sample4 */ = {
			isa = PBXGroup;
			children = (
				A1D9632517953DBC00090EDC /* main.m */,
				A1D9632717953DBC00090EDC /* Supporting Files */,
			);
			path = Sample4;
			sourceTree = "<group>";
		};
		A1D9632717953DBC00090EDC /* Supporting Files */ = {
			isa = PBXGroup;
			children = (
				A1D9632817953DBC00090EDC /* Sample4-Prefix.pch */,
			);
			name = "Supporting Files";
			sourceTree = "<group>";
		};
/* End PBXGroup section */

/* Begin PBXNativeTarget section */
		A10A620417858A4F0019F7EA /* Sample3 */ = {
			isa = PBXNativeTarget;
			buildConfigurationList = A10A620E17858A4F0019F7EA /* Build configuration list for PBXNativeTarget "Sample3" */;
			buildPhases = (
				A10A620117858A4F0019F7EA /* Sources */,
				A10A620217858A4F0019F7EA /* Frameworks */,
				A10A620317858A4F0019F7EA /* CopyFiles */,
			);
			buildRules = (
			);
			dependencies = (
			);
			name = Sample3;
			productName = Sample3;
			productReference = A10A620517858A4F0019F7EA /* Sample3 */;
			productType = "com.apple.product-type.tool";
		};
		A118429B17EC697000EE4FD8 /* Sample5 */ = {
			isa = PBXNativeTarget;
			buildConfigurationList = A11842A717EC697100EE4FD8 /* Build configuration list for PBXNativeTarget "Sample5" */;
			buildPhases = (
				A118429817EC697000EE4FD8 /* Sources */,
				A118429917EC697000EE4FD8 /* Frameworks */,
				A118429A17EC697000EE4FD8 /* CopyFiles */,
			);
			buildRules = (
			);
			dependencies = (
			);
			name = Sample5;
			productName = Sample5;
			productReference = A118429C17EC697000EE4FD8 /* Sample5 */;
			productType = "com.apple.product-type.tool";
		};
		A1A378B717847AC00037A3AC /* Sample1 */ = {
			isa = PBXNativeTarget;
			buildConfigurationList = A1A378C417847AC00037A3AC /* Build configuration list for PBXNativeTarget "Sample1" */;
			buildPhases = (
				A1A378B417847AC00037A3AC /* Sources */,
				A1A378B517847AC00037A3AC /* Frameworks */,
				A1A378B617847AC00037A3AC /* CopyFiles */,
			);
			buildRules = (
			);
			dependencies = (
			);
			name = Sample1;
			productName = Sample1;
			productReference = A1A378B817847AC00037A3AC /* Sample1 */;
			productType = "com.apple.product-type.tool";
		};
		A1A378CC1784BC6A0037A3AC /* Sample2 */ = {
			isa = PBXNativeTarget;
			buildConfigurationList = A1A378D61784BC6A0037A3AC /* Build configuration list for PBXNativeTarget "Sample2" */;
			buildPhases = (
				A1A378C91784BC6A0037A3AC /* Sources */,
				A1A378CA1784BC6A0037A3AC /* Frameworks */,
				A1A378CB1784BC6A0037A3AC /* CopyFiles */,
			);
			buildRules = (
			);
			dependencies = (
			);
			name = Sample2;
			productName = Sample2;
			productReference = A1A378CD1784BC6A0037A3AC /* Sample2 */;
			productType = "com.apple.product-type.tool";
		};
		A1D9632117953DBC00090EDC /* Sample4 */ = {
			isa = PBXNativeTarget;
			buildConfigurationList = A1D9632D17953DBC00090EDC /* Build configuration list for PBXNativeTarget "Sample4" */;
			buildPhases = (
				A1D9631E17953DBC00090EDC /* Sources */,
				A1D9631F17953DBC00090EDC /* Frameworks */,
				A1D9632017953DBC00090EDC /* CopyFiles */,
			);
			buildRules = (
			);
			dependencies = (
			);
			name = Sample4;
			productName = NSArrayExtension;
			productReference = A1D9632217953DBC00090EDC /* Sample4 */;
			productType = "com.apple.product-type.tool";
		};
/* End PBXNativeTarget section */

/* Begin PBXProject section */
		A1A3789E17847A980037A3AC /* Project object */ = {
			isa = PBXProject;
			attributes = {
				LastUpgradeCheck = 0460;
			};
			buildConfigurationList = A1A378A117847A980037A3AC /* Build configuration list for PBXProject "Samples" */;
			compatibilityVersion = "Xcode 3.2";
			developmentRegion = English;
			hasScannedForEncodings = 0;
			knownRegions = (
				en,
			);
			mainGroup = A1A3789D17847A980037A3AC;
			productRefGroup = A1A378B917847AC00037A3AC /* Products */;
			projectDirPath = "";
			projectRoot = "";
			targets = (
				A1A378B717847AC00037A3AC /* Sample1 */,
				A1A378CC1784BC6A0037A3AC /* Sample2 */,
				A10A620417858A4F0019F7EA /* Sample3 */,
				A1D9632117953DBC00090EDC /* Sample4 */,
				A118429B17EC697000EE4FD8 /* Sample5 */,
			);
		};
/* End PBXProject section */

/* Begin PBXSourcesBuildPhase section */
		A10A620117858A4F0019F7EA /* Sources */ = {
			isa = PBXSourcesBuildPhase;
			buildActionMask = 2147483647;
			files = (
				A10A620917858A4F0019F7EA /* main.m in Sources */,
			);
			runOnlyForDeploymentPostprocessing = 0;
		};
		A118429817EC697000EE4FD8 /* Sources */ = {
			isa = PBXSourcesBuildPhase;
			buildActionMask = 2147483647;
			files = (
				A11842B917ECA6A000EE4FD8 /* RXTimer.m in Sources */,
				A11842A017EC697100EE4FD8 /* main.m in Sources */,
			);
			runOnlyForDeploymentPostprocessing = 0;
		};
		A1A378B417847AC00037A3AC /* Sources */ = {
			isa = PBXSourcesBuildPhase;
			buildActionMask = 2147483647;
			files = (
				A1A378BF17847AC00037A3AC /* main.m in Sources */,
			);
			runOnlyForDeploymentPostprocessing = 0;
		};
		A1A378C91784BC6A0037A3AC /* Sources */ = {
			isa = PBXSourcesBuildPhase;
			buildActionMask = 2147483647;
			files = (
				A1A378D11784BC6A0037A3AC /* main.m in Sources */,
			);
			runOnlyForDeploymentPostprocessing = 0;
		};
		A1D9631E17953DBC00090EDC /* Sources */ = {
			isa = PBXSourcesBuildPhase;
			buildActionMask = 2147483647;
			files = (
				A1D9632617953DBC00090EDC /* main.m in Sources */,
			);
			runOnlyForDeploymentPostprocessing = 0;
		};
/* End PBXSourcesBuildPhase section */

/* Begin XCBuildConfiguration section */
		A10A620F17858A4F0019F7EA /* Debug */ = {
			isa = XCBuildConfiguration;
			buildSettings = {
				ALWAYS_SEARCH_USER_PATHS = NO;
				ARCHS = "$(ARCHS_STANDARD_64_BIT)";
				CLANG_CXX_LANGUAGE_STANDARD = "c++0x";
				CLANG_CXX_LIBRARY = "libc++";
				CLANG_ENABLE_OBJC_ARC = YES;
				CLANG_WARN_CONSTANT_CONVERSION = YES;
				CLANG_WARN_EMPTY_BODY = YES;
				CLANG_WARN_ENUM_CONVERSION = YES;
				CLANG_WARN_INT_CONVERSION = YES;
				CLANG_WARN__DUPLICATE_METHOD_MATCH = YES;
				COPY_PHASE_STRIP = NO;
				FRAMEWORK_SEARCH_PATHS = (
					"$(inherited)",
					/Users/agrosam/Develop/Promise/Build/Products/Debug,
				);
				GCC_C_LANGUAGE_STANDARD = gnu99;
				GCC_DYNAMIC_NO_PIC = NO;
				GCC_ENABLE_OBJC_EXCEPTIONS = YES;
				GCC_OPTIMIZATION_LEVEL = 0;
				GCC_PRECOMPILE_PREFIX_HEADER = YES;
				GCC_PREFIX_HEADER = "Sample3/Sample3-Prefix.pch";
				GCC_PREPROCESSOR_DEFINITIONS = (
					"DEBUG=1",
					"$(inherited)",
				);
				GCC_SYMBOLS_PRIVATE_EXTERN = NO;
				GCC_WARN_64_TO_32_BIT_CONVERSION = YES;
				GCC_WARN_ABOUT_RETURN_TYPE = YES;
				GCC_WARN_UNINITIALIZED_AUTOS = YES;
				GCC_WARN_UNUSED_VARIABLE = YES;
				MACOSX_DEPLOYMENT_TARGET = 10.8;
				ONLY_ACTIVE_ARCH = YES;
				OTHER_LDFLAGS = "-lc++";
				PRODUCT_NAME = "$(TARGET_NAME)";
				SDKROOT = macosx;
			};
			name = Debug;
		};
		A10A621017858A4F0019F7EA /* Release */ = {
			isa = XCBuildConfiguration;
			buildSettings = {
				ALWAYS_SEARCH_USER_PATHS = NO;
				ARCHS = "$(ARCHS_STANDARD_64_BIT)";
				CLANG_CXX_LANGUAGE_STANDARD = "c++0x";
				CLANG_CXX_LIBRARY = "libc++";
				CLANG_ENABLE_OBJC_ARC = YES;
				CLANG_WARN_CONSTANT_CONVERSION = YES;
				CLANG_WARN_EMPTY_BODY = YES;
				CLANG_WARN_ENUM_CONVERSION = YES;
				CLANG_WARN_INT_CONVERSION = YES;
				CLANG_WARN__DUPLICATE_METHOD_MATCH = YES;
				COPY_PHASE_STRIP = YES;
				DEBUG_INFORMATION_FORMAT = "dwarf-with-dsym";
				FRAMEWORK_SEARCH_PATHS = (
					"$(inherited)",
					/Users/agrosam/Develop/Promise/Build/Products/Debug,
				);
				GCC_C_LANGUAGE_STANDARD = gnu99;
				GCC_ENABLE_OBJC_EXCEPTIONS = YES;
				GCC_PRECOMPILE_PREFIX_HEADER = YES;
				GCC_PREFIX_HEADER = "Sample3/Sample3-Prefix.pch";
				GCC_WARN_64_TO_32_BIT_CONVERSION = YES;
				GCC_WARN_ABOUT_RETURN_TYPE = YES;
				GCC_WARN_UNINITIALIZED_AUTOS = YES;
				GCC_WARN_UNUSED_VARIABLE = YES;
				MACOSX_DEPLOYMENT_TARGET = 10.8;
				OTHER_LDFLAGS = "-lc++";
				PRODUCT_NAME = "$(TARGET_NAME)";
				SDKROOT = macosx;
			};
			name = Release;
		};
		A11842A517EC697100EE4FD8 /* Debug */ = {
			isa = XCBuildConfiguration;
			buildSettings = {
				ALWAYS_SEARCH_USER_PATHS = NO;
				CLANG_CXX_LANGUAGE_STANDARD = "gnu++0x";
				CLANG_CXX_LIBRARY = "libc++";
				CLANG_ENABLE_OBJC_ARC = YES;
				CLANG_WARN_BOOL_CONVERSION = YES;
				CLANG_WARN_CONSTANT_CONVERSION = YES;
				CLANG_WARN_DIRECT_OBJC_ISA_USAGE = YES_ERROR;
				CLANG_WARN_EMPTY_BODY = YES;
				CLANG_WARN_ENUM_CONVERSION = YES;
				CLANG_WARN_INT_CONVERSION = YES;
				CLANG_WARN_OBJC_ROOT_CLASS = YES_ERROR;
				CLANG_WARN__DUPLICATE_METHOD_MATCH = YES;
				COPY_PHASE_STRIP = NO;
				FRAMEWORK_SEARCH_PATHS = (
					"$(inherited)",
					/Users/agrosam/Develop/Promise/Build/Products/Debug,
				);
				GCC_C_LANGUAGE_STANDARD = gnu99;
				GCC_DYNAMIC_NO_PIC = NO;
				GCC_ENABLE_OBJC_EXCEPTIONS = YES;
				GCC_OPTIMIZATION_LEVEL = 0;
				GCC_PRECOMPILE_PREFIX_HEADER = YES;
				GCC_PREFIX_HEADER = "Sample5/Sample5-Prefix.pch";
				GCC_PREPROCESSOR_DEFINITIONS = (
					"DEBUG=1",
					"$(inherited)",
				);
				GCC_SYMBOLS_PRIVATE_EXTERN = NO;
				GCC_WARN_64_TO_32_BIT_CONVERSION = YES;
				GCC_WARN_ABOUT_RETURN_TYPE = YES_ERROR;
				GCC_WARN_UNDECLARED_SELECTOR = YES;
				GCC_WARN_UNINITIALIZED_AUTOS = YES;
				GCC_WARN_UNUSED_FUNCTION = YES;
				GCC_WARN_UNUSED_VARIABLE = YES;
				MACOSX_DEPLOYMENT_TARGET = 10.8;
				ONLY_ACTIVE_ARCH = YES;
				PRODUCT_NAME = "$(TARGET_NAME)";
				SDKROOT = macosx;
			};
			name = Debug;
		};
		A11842A617EC697100EE4FD8 /* Release */ = {
			isa = XCBuildConfiguration;
			buildSettings = {
				ALWAYS_SEARCH_USER_PATHS = NO;
				CLANG_CXX_LANGUAGE_STANDARD = "gnu++0x";
				CLANG_CXX_LIBRARY = "libc++";
				CLANG_ENABLE_OBJC_ARC = YES;
				CLANG_WARN_BOOL_CONVERSION = YES;
				CLANG_WARN_CONSTANT_CONVERSION = YES;
				CLANG_WARN_DIRECT_OBJC_ISA_USAGE = YES_ERROR;
				CLANG_WARN_EMPTY_BODY = YES;
				CLANG_WARN_ENUM_CONVERSION = YES;
				CLANG_WARN_INT_CONVERSION = YES;
				CLANG_WARN_OBJC_ROOT_CLASS = YES_ERROR;
				CLANG_WARN__DUPLICATE_METHOD_MATCH = YES;
				COPY_PHASE_STRIP = YES;
				DEBUG_INFORMATION_FORMAT = "dwarf-with-dsym";
				ENABLE_NS_ASSERTIONS = NO;
				FRAMEWORK_SEARCH_PATHS = (
					"$(inherited)",
					/Users/agrosam/Develop/Promise/Build/Products/Debug,
				);
				GCC_C_LANGUAGE_STANDARD = gnu99;
				GCC_ENABLE_OBJC_EXCEPTIONS = YES;
				GCC_PRECOMPILE_PREFIX_HEADER = YES;
				GCC_PREFIX_HEADER = "Sample5/Sample5-Prefix.pch";
				GCC_WARN_64_TO_32_BIT_CONVERSION = YES;
				GCC_WARN_ABOUT_RETURN_TYPE = YES_ERROR;
				GCC_WARN_UNDECLARED_SELECTOR = YES;
				GCC_WARN_UNINITIALIZED_AUTOS = YES;
				GCC_WARN_UNUSED_FUNCTION = YES;
				GCC_WARN_UNUSED_VARIABLE = YES;
				MACOSX_DEPLOYMENT_TARGET = 10.8;
				PRODUCT_NAME = "$(TARGET_NAME)";
				SDKROOT = macosx;
			};
			name = Release;
		};
		A1A378A217847A980037A3AC /* Debug */ = {
			isa = XCBuildConfiguration;
			buildSettings = {
			};
			name = Debug;
		};
		A1A378A317847A980037A3AC /* Release */ = {
			isa = XCBuildConfiguration;
			buildSettings = {
			};
			name = Release;
		};
		A1A378C517847AC00037A3AC /* Debug */ = {
			isa = XCBuildConfiguration;
			buildSettings = {
				ALWAYS_SEARCH_USER_PATHS = NO;
				ARCHS = "$(ARCHS_STANDARD_64_BIT)";
				CLANG_CXX_LANGUAGE_STANDARD = "c++0x";
				CLANG_CXX_LIBRARY = "libc++";
				CLANG_ENABLE_OBJC_ARC = YES;
				CLANG_WARN_CONSTANT_CONVERSION = YES;
				CLANG_WARN_EMPTY_BODY = YES;
				CLANG_WARN_ENUM_CONVERSION = YES;
				CLANG_WARN_INT_CONVERSION = YES;
				CLANG_WARN__DUPLICATE_METHOD_MATCH = YES;
				COPY_PHASE_STRIP = NO;
				FRAMEWORK_SEARCH_PATHS = (
					"$(inherited)",
					/Users/agrosam/Develop/Promise/Build/Products/Debug,
				);
				GCC_C_LANGUAGE_STANDARD = gnu99;
				GCC_DYNAMIC_NO_PIC = NO;
				GCC_ENABLE_OBJC_EXCEPTIONS = YES;
				GCC_OPTIMIZATION_LEVEL = 0;
				GCC_PRECOMPILE_PREFIX_HEADER = YES;
				GCC_PREFIX_HEADER = "Sample1/Sample1-Prefix.pch";
				GCC_PREPROCESSOR_DEFINITIONS = (
					"DEBUG=1",
					"$(inherited)",
				);
				GCC_SYMBOLS_PRIVATE_EXTERN = NO;
				GCC_WARN_64_TO_32_BIT_CONVERSION = YES;
				GCC_WARN_ABOUT_RETURN_TYPE = YES;
				GCC_WARN_UNINITIALIZED_AUTOS = YES;
				GCC_WARN_UNUSED_VARIABLE = YES;
				MACOSX_DEPLOYMENT_TARGET = 10.8;
				ONLY_ACTIVE_ARCH = YES;
				PRODUCT_NAME = "$(TARGET_NAME)";
				SDKROOT = macosx;
			};
			name = Debug;
		};
		A1A378C617847AC00037A3AC /* Release */ = {
			isa = XCBuildConfiguration;
			buildSettings = {
				ALWAYS_SEARCH_USER_PATHS = NO;
				ARCHS = "$(ARCHS_STANDARD_64_BIT)";
				CLANG_CXX_LANGUAGE_STANDARD = "c++0x";
				CLANG_CXX_LIBRARY = "libc++";
				CLANG_ENABLE_OBJC_ARC = YES;
				CLANG_WARN_CONSTANT_CONVERSION = YES;
				CLANG_WARN_EMPTY_BODY = YES;
				CLANG_WARN_ENUM_CONVERSION = YES;
				CLANG_WARN_INT_CONVERSION = YES;
				CLANG_WARN__DUPLICATE_METHOD_MATCH = YES;
				COPY_PHASE_STRIP = YES;
				DEBUG_INFORMATION_FORMAT = "dwarf-with-dsym";
				FRAMEWORK_SEARCH_PATHS = (
					"$(inherited)",
					/Users/agrosam/Develop/Promise/Build/Products/Debug,
				);
				GCC_C_LANGUAGE_STANDARD = gnu99;
				GCC_ENABLE_OBJC_EXCEPTIONS = YES;
				GCC_PRECOMPILE_PREFIX_HEADER = YES;
				GCC_PREFIX_HEADER = "Sample1/Sample1-Prefix.pch";
				GCC_WARN_64_TO_32_BIT_CONVERSION = YES;
				GCC_WARN_ABOUT_RETURN_TYPE = YES;
				GCC_WARN_UNINITIALIZED_AUTOS = YES;
				GCC_WARN_UNUSED_VARIABLE = YES;
				MACOSX_DEPLOYMENT_TARGET = 10.8;
				PRODUCT_NAME = "$(TARGET_NAME)";
				SDKROOT = macosx;
			};
			name = Release;
		};
		A1A378D71784BC6A0037A3AC /* Debug */ = {
			isa = XCBuildConfiguration;
			buildSettings = {
				ALWAYS_SEARCH_USER_PATHS = NO;
				ARCHS = "$(ARCHS_STANDARD_64_BIT)";
				CLANG_CXX_LANGUAGE_STANDARD = "c++0x";
				CLANG_CXX_LIBRARY = "libc++";
				CLANG_ENABLE_OBJC_ARC = YES;
				CLANG_WARN_CONSTANT_CONVERSION = YES;
				CLANG_WARN_EMPTY_BODY = YES;
				CLANG_WARN_ENUM_CONVERSION = YES;
				CLANG_WARN_INT_CONVERSION = YES;
				CLANG_WARN__DUPLICATE_METHOD_MATCH = YES;
				COPY_PHASE_STRIP = NO;
				FRAMEWORK_SEARCH_PATHS = (
					"$(inherited)",
					/Users/agrosam/Develop/Promise/Build/Products/Debug,
				);
				GCC_C_LANGUAGE_STANDARD = gnu99;
				GCC_DYNAMIC_NO_PIC = NO;
				GCC_ENABLE_OBJC_EXCEPTIONS = YES;
				GCC_OPTIMIZATION_LEVEL = 0;
				GCC_PRECOMPILE_PREFIX_HEADER = YES;
				GCC_PREFIX_HEADER = "Sample2/Sample2-Prefix.pch";
				GCC_PREPROCESSOR_DEFINITIONS = (
					"DEBUG=1",
					"$(inherited)",
				);
				GCC_SYMBOLS_PRIVATE_EXTERN = NO;
				GCC_WARN_64_TO_32_BIT_CONVERSION = YES;
				GCC_WARN_ABOUT_RETURN_TYPE = YES;
				GCC_WARN_UNINITIALIZED_AUTOS = YES;
				GCC_WARN_UNUSED_VARIABLE = YES;
				MACOSX_DEPLOYMENT_TARGET = 10.8;
				ONLY_ACTIVE_ARCH = YES;
				PRODUCT_NAME = "$(TARGET_NAME)";
				SDKROOT = macosx;
			};
			name = Debug;
		};
		A1A378D81784BC6A0037A3AC /* Release */ = {
			isa = XCBuildConfiguration;
			buildSettings = {
				ALWAYS_SEARCH_USER_PATHS = NO;
				ARCHS = "$(ARCHS_STANDARD_64_BIT)";
				CLANG_CXX_LANGUAGE_STANDARD = "c++0x";
				CLANG_CXX_LIBRARY = "libc++";
				CLANG_ENABLE_OBJC_ARC = YES;
				CLANG_WARN_CONSTANT_CONVERSION = YES;
				CLANG_WARN_EMPTY_BODY = YES;
				CLANG_WARN_ENUM_CONVERSION = YES;
				CLANG_WARN_INT_CONVERSION = YES;
				CLANG_WARN__DUPLICATE_METHOD_MATCH = YES;
				COPY_PHASE_STRIP = YES;
				DEBUG_INFORMATION_FORMAT = "dwarf-with-dsym";
				FRAMEWORK_SEARCH_PATHS = (
					"$(inherited)",
					/Users/agrosam/Develop/Promise/Build/Products/Debug,
				);
				GCC_C_LANGUAGE_STANDARD = gnu99;
				GCC_ENABLE_OBJC_EXCEPTIONS = YES;
				GCC_PRECOMPILE_PREFIX_HEADER = YES;
				GCC_PREFIX_HEADER = "Sample2/Sample2-Prefix.pch";
				GCC_WARN_64_TO_32_BIT_CONVERSION = YES;
				GCC_WARN_ABOUT_RETURN_TYPE = YES;
				GCC_WARN_UNINITIALIZED_AUTOS = YES;
				GCC_WARN_UNUSED_VARIABLE = YES;
				MACOSX_DEPLOYMENT_TARGET = 10.8;
				PRODUCT_NAME = "$(TARGET_NAME)";
				SDKROOT = macosx;
			};
			name = Release;
		};
		A1D9632B17953DBC00090EDC /* Debug */ = {
			isa = XCBuildConfiguration;
			buildSettings = {
				ALWAYS_SEARCH_USER_PATHS = NO;
				ARCHS = "$(ARCHS_STANDARD_64_BIT)";
				CLANG_CXX_LANGUAGE_STANDARD = "c++0x";
				CLANG_CXX_LIBRARY = "libc++";
				CLANG_ENABLE_MODULES = YES;
				CLANG_ENABLE_OBJC_ARC = YES;
				CLANG_WARN_BOOL_CONVERSION = YES;
				CLANG_WARN_CONSTANT_CONVERSION = YES;
				CLANG_WARN_DIRECT_OBJC_ISA_USAGE = YES_ERROR;
				CLANG_WARN_EMPTY_BODY = YES;
				CLANG_WARN_ENUM_CONVERSION = YES;
				CLANG_WARN_INT_CONVERSION = YES;
				CLANG_WARN_OBJC_ROOT_CLASS = YES_ERROR;
				CLANG_WARN__DUPLICATE_METHOD_MATCH = YES;
				COPY_PHASE_STRIP = NO;
				FRAMEWORK_SEARCH_PATHS = (
					"$(inherited)",
					/Users/agrosam/Develop/Promise/Build/Products/Debug,
				);
				GCC_C_LANGUAGE_STANDARD = gnu99;
				GCC_DYNAMIC_NO_PIC = NO;
				GCC_ENABLE_OBJC_EXCEPTIONS = YES;
				GCC_OPTIMIZATION_LEVEL = 0;
				GCC_PRECOMPILE_PREFIX_HEADER = YES;
				GCC_PREFIX_HEADER = "Sample4/Sample4-Prefix.pch";
				GCC_PREPROCESSOR_DEFINITIONS = (
					"DEBUG=1",
					"$(inherited)",
				);
				GCC_SYMBOLS_PRIVATE_EXTERN = NO;
				GCC_WARN_64_TO_32_BIT_CONVERSION = YES;
				GCC_WARN_ABOUT_RETURN_TYPE = YES_ERROR;
				GCC_WARN_UNDECLARED_SELECTOR = YES;
				GCC_WARN_UNINITIALIZED_AUTOS = YES;
				GCC_WARN_UNUSED_FUNCTION = YES;
				GCC_WARN_UNUSED_VARIABLE = YES;
				MACOSX_DEPLOYMENT_TARGET = 10.8;
				ONLY_ACTIVE_ARCH = YES;
				OTHER_LDFLAGS = "-lc++";
				PRODUCT_NAME = "$(TARGET_NAME)";
				SDKROOT = macosx;
			};
			name = Debug;
		};
		A1D9632C17953DBC00090EDC /* Release */ = {
			isa = XCBuildConfiguration;
			buildSettings = {
				ALWAYS_SEARCH_USER_PATHS = NO;
				ARCHS = "$(ARCHS_STANDARD_64_BIT)";
				CLANG_CXX_LANGUAGE_STANDARD = "c++0x";
				CLANG_CXX_LIBRARY = "libc++";
				CLANG_ENABLE_MODULES = YES;
				CLANG_ENABLE_OBJC_ARC = YES;
				CLANG_WARN_BOOL_CONVERSION = YES;
				CLANG_WARN_CONSTANT_CONVERSION = YES;
				CLANG_WARN_DIRECT_OBJC_ISA_USAGE = YES_ERROR;
				CLANG_WARN_EMPTY_BODY = YES;
				CLANG_WARN_ENUM_CONVERSION = YES;
				CLANG_WARN_INT_CONVERSION = YES;
				CLANG_WARN_OBJC_ROOT_CLASS = YES_ERROR;
				CLANG_WARN__DUPLICATE_METHOD_MATCH = YES;
				COPY_PHASE_STRIP = YES;
				DEBUG_INFORMATION_FORMAT = "dwarf-with-dsym";
				ENABLE_NS_ASSERTIONS = NO;
				FRAMEWORK_SEARCH_PATHS = (
					"$(inherited)",
					/Users/agrosam/Develop/Promise/Build/Products/Debug,
				);
				GCC_C_LANGUAGE_STANDARD = gnu99;
				GCC_ENABLE_OBJC_EXCEPTIONS = YES;
				GCC_PRECOMPILE_PREFIX_HEADER = YES;
				GCC_PREFIX_HEADER = "Sample4/Sample4-Prefix.pch";
				GCC_WARN_64_TO_32_BIT_CONVERSION = YES;
				GCC_WARN_ABOUT_RETURN_TYPE = YES_ERROR;
				GCC_WARN_UNDECLARED_SELECTOR = YES;
				GCC_WARN_UNINITIALIZED_AUTOS = YES;
				GCC_WARN_UNUSED_FUNCTION = YES;
				GCC_WARN_UNUSED_VARIABLE = YES;
				MACOSX_DEPLOYMENT_TARGET = 10.8;
				OTHER_LDFLAGS = "-lc++";
				PRODUCT_NAME = "$(TARGET_NAME)";
				SDKROOT = macosx;
			};
			name = Release;
		};
/* End XCBuildConfiguration section */

/* Begin XCConfigurationList section */
		A10A620E17858A4F0019F7EA /* Build configuration list for PBXNativeTarget "Sample3" */ = {
			isa = XCConfigurationList;
			buildConfigurations = (
				A10A620F17858A4F0019F7EA /* Debug */,
				A10A621017858A4F0019F7EA /* Release */,
			);
			defaultConfigurationIsVisible = 0;
			defaultConfigurationName = Release;
		};
		A11842A717EC697100EE4FD8 /* Build configuration list for PBXNativeTarget "Sample5" */ = {
			isa = XCConfigurationList;
			buildConfigurations = (
				A11842A517EC697100EE4FD8 /* Debug */,
				A11842A617EC697100EE4FD8 /* Release */,
			);
			defaultConfigurationIsVisible = 0;
			defaultConfigurationName = Release;
		};
		A1A378A117847A980037A3AC /* Build configuration list for PBXProject "Samples" */ = {
			isa = XCConfigurationList;
			buildConfigurations = (
				A1A378A217847A980037A3AC /* Debug */,
				A1A378A317847A980037A3AC /* Release */,
			);
			defaultConfigurationIsVisible = 0;
			defaultConfigurationName = Release;
		};
		A1A378C417847AC00037A3AC /* Build configuration list for PBXNativeTarget "Sample1" */ = {
			isa = XCConfigurationList;
			buildConfigurations = (
				A1A378C517847AC00037A3AC /* Debug */,
				A1A378C617847AC00037A3AC /* Release */,
			);
			defaultConfigurationIsVisible = 0;
			defaultConfigurationName = Release;
		};
		A1A378D61784BC6A0037A3AC /* Build configuration list for PBXNativeTarget "Sample2" */ = {
			isa = XCConfigurationList;
			buildConfigurations = (
				A1A378D71784BC6A0037A3AC /* Debug */,
				A1A378D81784BC6A0037A3AC /* Release */,
			);
			defaultConfigurationIsVisible = 0;
			defaultConfigurationName = Release;
		};
		A1D9632D17953DBC00090EDC /* Build configuration list for PBXNativeTarget "Sample4" */ = {
			isa = XCConfigurationList;
			buildConfigurations = (
				A1D9632B17953DBC00090EDC /* Debug */,
				A1D9632C17953DBC00090EDC /* Release */,
			);
			defaultConfigurationIsVisible = 0;
			defaultConfigurationName = Release;
		};
/* End XCConfigurationList section */
	};
	rootObject = A1A3789E17847A980037A3AC /* Project object */;
}
