// !$*UTF8*$!
{
	archiveVersion = 1;
	classes = {
	};
	objectVersion = 46;
	objects = {

/* Begin PBXBuildFile section */
		A10A620617858A4F0019F7EA /* Foundation.framework in Frameworks */ = {isa = PBXBuildFile; fileRef = A1A378BB17847AC00037A3AC /* Foundation.framework */; };
		A10A620917858A4F0019F7EA /* main.m in Sources */ = {isa = PBXBuildFile; fileRef = A10A620817858A4F0019F7EA /* main.m */; };
		A14AD8591786FAD800750722 /* libRXPromise.a in Frameworks */ = {isa = PBXBuildFile; fileRef = A14AD8581786FAD800750722 /* libRXPromise.a */; };
		A1A378BC17847AC00037A3AC /* Foundation.framework in Frameworks */ = {isa = PBXBuildFile; fileRef = A1A378BB17847AC00037A3AC /* Foundation.framework */; };
		A1A378BF17847AC00037A3AC /* main.m in Sources */ = {isa = PBXBuildFile; fileRef = A1A378BE17847AC00037A3AC /* main.m */; };
		A1A378C817847B040037A3AC /* RXPromise.framework in Frameworks */ = {isa = PBXBuildFile; fileRef = A1A378C717847B040037A3AC /* RXPromise.framework */; };
		A1A378CE1784BC6A0037A3AC /* Foundation.framework in Frameworks */ = {isa = PBXBuildFile; fileRef = A1A378BB17847AC00037A3AC /* Foundation.framework */; };
		A1A378D11784BC6A0037A3AC /* main.m in Sources */ = {isa = PBXBuildFile; fileRef = A1A378D01784BC6A0037A3AC /* main.m */; };
		A1A378D91784BC780037A3AC /* RXPromise.framework in Frameworks */ = {isa = PBXBuildFile; fileRef = A1A378C717847B040037A3AC /* RXPromise.framework */; };
/* End PBXBuildFile section */

/* Begin PBXCopyFilesBuildPhase section */
		A10A620317858A4F0019F7EA /* CopyFiles */ = {
			isa = PBXCopyFilesBuildPhase;
			buildActionMask = 2147483647;
			dstPath = /usr/share/man/man1/;
			dstSubfolderSpec = 0;
			files = (
			);
			runOnlyForDeploymentPostprocessing = 1;
		};
		A1A378B617847AC00037A3AC /* CopyFiles */ = {
			isa = PBXCopyFilesBuildPhase;
			buildActionMask = 2147483647;
			dstPath = /usr/share/man/man1/;
			dstSubfolderSpec = 0;
			files = (
			);
			runOnlyForDeploymentPostprocessing = 1;
		};
		A1A378CB1784BC6A0037A3AC /* CopyFiles */ = {
			isa = PBXCopyFilesBuildPhase;
			buildActionMask = 2147483647;
			dstPath = /usr/share/man/man1/;
			dstSubfolderSpec = 0;
			files = (
			);
			runOnlyForDeploymentPostprocessing = 1;
		};
/* End PBXCopyFilesBuildPhase section */

/* Begin PBXFileReference section */
		A10A618F178573C60019F7EA /* UIKit.framework */ = {isa = PBXFileReference; lastKnownFileType = wrapper.framework; name = UIKit.framework; path = Library/Frameworks/UIKit.framework; sourceTree = DEVELOPER_DIR; };
		A10A6192178573C60019F7EA /* CoreGraphics.framework */ = {isa = PBXFileReference; lastKnownFileType = wrapper.framework; name = CoreGraphics.framework; path = Library/Frameworks/CoreGraphics.framework; sourceTree = DEVELOPER_DIR; };
		A10A620517858A4F0019F7EA /* Sample3 */ = {isa = PBXFileReference; explicitFileType = "compiled.mach-o.executable"; includeInIndex = 0; path = Sample3; sourceTree = BUILT_PRODUCTS_DIR; };
		A10A620817858A4F0019F7EA /* main.m */ = {isa = PBXFileReference; lastKnownFileType = sourcecode.c.objc; path = main.m; sourceTree = "<group>"; };
		A10A620B17858A4F0019F7EA /* Sample3-Prefix.pch */ = {isa = PBXFileReference; lastKnownFileType = sourcecode.c.h; path = "Sample3-Prefix.pch"; sourceTree = "<group>"; };
		A10A621117858AAF0019F7EA /* RXPromise.framework */ = {isa = PBXFileReference; lastKnownFileType = wrapper.framework; name = RXPromise.framework; path = "../RXPromise Libraries/build/Release/RXPromise.framework"; sourceTree = "<group>"; };
		A14AD8581786FAD800750722 /* libRXPromise.a */ = {isa = PBXFileReference; lastKnownFileType = file; name = libRXPromise.a; path = "../RXPromise Libraries/build/Release/libRXPromise.a"; sourceTree = "<group>"; };
		A1A378B817847AC00037A3AC /* Sample1 */ = {isa = PBXFileReference; explicitFileType = "compiled.mach-o.executable"; includeInIndex = 0; path = Sample1; sourceTree = BUILT_PRODUCTS_DIR; };
		A1A378BB17847AC00037A3AC /* Foundation.framework */ = {isa = PBXFileReference; lastKnownFileType = wrapper.framework; name = Foundation.framework; path = System/Library/Frameworks/Foundation.framework; sourceTree = SDKROOT; };
		A1A378BE17847AC00037A3AC /* main.m */ = {isa = PBXFileReference; lastKnownFileType = sourcecode.c.objc; path = main.m; sourceTree = "<group>"; };
		A1A378C117847AC00037A3AC /* Sample1-Prefix.pch */ = {isa = PBXFileReference; lastKnownFileType = sourcecode.c.h; path = "Sample1-Prefix.pch"; sourceTree = "<group>"; };
		A1A378C717847B040037A3AC /* RXPromise.framework */ = {isa = PBXFileReference; lastKnownFileType = wrapper.framework; name = RXPromise.framework; path = "../../../Library/Developer/Xcode/DerivedData/Promise2-brmifejjyfotzhetqjognmdguxyl/Build/Products/Debug/RXPromise.framework"; sourceTree = "<group>"; };
		A1A378CD1784BC6A0037A3AC /* Sample2 */ = {isa = PBXFileReference; explicitFileType = "compiled.mach-o.executable"; includeInIndex = 0; path = Sample2; sourceTree = BUILT_PRODUCTS_DIR; };
		A1A378D01784BC6A0037A3AC /* main.m */ = {isa = PBXFileReference; lastKnownFileType = sourcecode.c.objc; path = main.m; sourceTree = "<group>"; };
		A1A378D31784BC6A0037A3AC /* Sample2-Prefix.pch */ = {isa = PBXFileReference; lastKnownFileType = sourcecode.c.h; path = "Sample2-Prefix.pch"; sourceTree = "<group>"; };
/* End PBXFileReference section */

/* Begin PBXFrameworksBuildPhase section */
		A10A620217858A4F0019F7EA /* Frameworks */ = {
			isa = PBXFrameworksBuildPhase;
			buildActionMask = 2147483647;
			files = (
				A14AD8591786FAD800750722 /* libRXPromise.a in Frameworks */,
				A10A620617858A4F0019F7EA /* Foundation.framework in Frameworks */,
			);
			runOnlyForDeploymentPostprocessing = 0;
		};
		A1A378B517847AC00037A3AC /* Frameworks */ = {
			isa = PBXFrameworksBuildPhase;
			buildActionMask = 2147483647;
			files = (
				A1A378C817847B040037A3AC /* RXPromise.framework in Frameworks */,
				A1A378BC17847AC00037A3AC /* Foundation.framework in Frameworks */,
			);
			runOnlyForDeploymentPostprocessing = 0;
		};
		A1A378CA1784BC6A0037A3AC /* Frameworks */ = {
			isa = PBXFrameworksBuildPhase;
			buildActionMask = 2147483647;
			files = (
				A1A378D91784BC780037A3AC /* RXPromise.framework in Frameworks */,
				A1A378CE1784BC6A0037A3AC /* Foundation.framework in Frameworks */,
			);
			runOnlyForDeploymentPostprocessing = 0;
		};
/* End PBXFrameworksBuildPhase section */

/* Begin PBXGroup section */
		A10A620717858A4F0019F7EA /* Sample3 */ = {
			isa = PBXGroup;
			children = (
				A10A620817858A4F0019F7EA /* main.m */,
				A10A620A17858A4F0019F7EA /* Supporting Files */,
			);
			path = Sample3;
			sourceTree = "<group>";
		};
		A10A620A17858A4F0019F7EA /* Supporting Files */ = {
			isa = PBXGroup;
			children = (
				A10A620B17858A4F0019F7EA /* Sample3-Prefix.pch */,
			);
			name = "Supporting Files";
			sourceTree = "<group>";
		};
		A1A3789D17847A980037A3AC = {
			isa = PBXGroup;
			children = (
				A1A378BD17847AC00037A3AC /* Sample1 */,
				A1A378CF1784BC6A0037A3AC /* Sample2 */,
				A10A620717858A4F0019F7EA /* Sample3 */,
				A1A378BA17847AC00037A3AC /* Frameworks */,
				A1A378B917847AC00037A3AC /* Products */,
			);
			sourceTree = "<group>";
		};
		A1A378B917847AC00037A3AC /* Products */ = {
			isa = PBXGroup;
			children = (
				A1A378B817847AC00037A3AC /* Sample1 */,
				A1A378CD1784BC6A0037A3AC /* Sample2 */,
				A10A620517858A4F0019F7EA /* Sample3 */,
			);
			name = Products;
			sourceTree = "<group>";
		};
		A1A378BA17847AC00037A3AC /* Frameworks */ = {
			isa = PBXGroup;
			children = (
				A14AD8581786FAD800750722 /* libRXPromise.a */,
				A1A378C717847B040037A3AC /* RXPromise.framework */,
				A10A621117858AAF0019F7EA /* RXPromise.framework */,
				A1A378BB17847AC00037A3AC /* Foundation.framework */,
				A10A618F178573C60019F7EA /* UIKit.framework */,
				A10A6192178573C60019F7EA /* CoreGraphics.framework */,
			);
			name = Frameworks;
			sourceTree = "<group>";
		};
		A1A378BD17847AC00037A3AC /* Sample1 */ = {
			isa = PBXGroup;
			children = (
				A1A378BE17847AC00037A3AC /* main.m */,
				A1A378C017847AC00037A3AC /* Supporting Files */,
			);
			path = Sample1;
			sourceTree = "<group>";
		};
		A1A378C017847AC00037A3AC /* Supporting Files */ = {
			isa = PBXGroup;
			children = (
				A1A378C117847AC00037A3AC /* Sample1-Prefix.pch */,
			);
			name = "Supporting Files";
			sourceTree = "<group>";
		};
		A1A378CF1784BC6A0037A3AC /* Sample2 */ = {
			isa = PBXGroup;
			children = (
				A1A378D01784BC6A0037A3AC /* main.m */,
				A1A378D21784BC6A0037A3AC /* Supporting Files */,
			);
			path = Sample2;
			sourceTree = "<group>";
		};
		A1A378D21784BC6A0037A3AC /* Supporting Files */ = {
			isa = PBXGroup;
			children = (
				A1A378D31784BC6A0037A3AC /* Sample2-Prefix.pch */,
			);
			name = "Supporting Files";
			sourceTree = "<group>";
		};
/* End PBXGroup section */

/* Begin PBXNativeTarget section */
		A10A620417858A4F0019F7EA /* Sample3 */ = {
			isa = PBXNativeTarget;
			buildConfigurationList = A10A620E17858A4F0019F7EA /* Build configuration list for PBXNativeTarget "Sample3" */;
			buildPhases = (
				A10A620117858A4F0019F7EA /* Sources */,
				A10A620217858A4F0019F7EA /* Frameworks */,
				A10A620317858A4F0019F7EA /* CopyFiles */,
			);
			buildRules = (
			);
			dependencies = (
			);
			name = Sample3;
			productName = Sample3;
			productReference = A10A620517858A4F0019F7EA /* Sample3 */;
			productType = "com.apple.product-type.tool";
		};
		A1A378B717847AC00037A3AC /* Sample1 */ = {
			isa = PBXNativeTarget;
			buildConfigurationList = A1A378C417847AC00037A3AC /* Build configuration list for PBXNativeTarget "Sample1" */;
			buildPhases = (
				A1A378B417847AC00037A3AC /* Sources */,
				A1A378B517847AC00037A3AC /* Frameworks */,
				A1A378B617847AC00037A3AC /* CopyFiles */,
			);
			buildRules = (
			);
			dependencies = (
			);
			name = Sample1;
			productName = Sample1;
			productReference = A1A378B817847AC00037A3AC /* Sample1 */;
			productType = "com.apple.product-type.tool";
		};
		A1A378CC1784BC6A0037A3AC /* Sample2 */ = {
			isa = PBXNativeTarget;
			buildConfigurationList = A1A378D61784BC6A0037A3AC /* Build configuration list for PBXNativeTarget "Sample2" */;
			buildPhases = (
				A1A378C91784BC6A0037A3AC /* Sources */,
				A1A378CA1784BC6A0037A3AC /* Frameworks */,
				A1A378CB1784BC6A0037A3AC /* CopyFiles */,
			);
			buildRules = (
			);
			dependencies = (
			);
			name = Sample2;
			productName = Sample2;
			productReference = A1A378CD1784BC6A0037A3AC /* Sample2 */;
			productType = "com.apple.product-type.tool";
		};
/* End PBXNativeTarget section */

/* Begin PBXProject section */
		A1A3789E17847A980037A3AC /* Project object */ = {
			isa = PBXProject;
			attributes = {
				LastUpgradeCheck = 0460;
			};
			buildConfigurationList = A1A378A117847A980037A3AC /* Build configuration list for PBXProject "Samples" */;
			compatibilityVersion = "Xcode 3.2";
			developmentRegion = English;
			hasScannedForEncodings = 0;
			knownRegions = (
				en,
			);
			mainGroup = A1A3789D17847A980037A3AC;
			productRefGroup = A1A378B917847AC00037A3AC /* Products */;
			projectDirPath = "";
			projectRoot = "";
			targets = (
				A1A378B717847AC00037A3AC /* Sample1 */,
				A1A378CC1784BC6A0037A3AC /* Sample2 */,
				A10A620417858A4F0019F7EA /* Sample3 */,
			);
		};
/* End PBXProject section */

/* Begin PBXSourcesBuildPhase section */
		A10A620117858A4F0019F7EA /* Sources */ = {
			isa = PBXSourcesBuildPhase;
			buildActionMask = 2147483647;
			files = (
				A10A620917858A4F0019F7EA /* main.m in Sources */,
			);
			runOnlyForDeploymentPostprocessing = 0;
		};
		A1A378B417847AC00037A3AC /* Sources */ = {
			isa = PBXSourcesBuildPhase;
			buildActionMask = 2147483647;
			files = (
				A1A378BF17847AC00037A3AC /* main.m in Sources */,
			);
			runOnlyForDeploymentPostprocessing = 0;
		};
		A1A378C91784BC6A0037A3AC /* Sources */ = {
			isa = PBXSourcesBuildPhase;
			buildActionMask = 2147483647;
			files = (
				A1A378D11784BC6A0037A3AC /* main.m in Sources */,
			);
			runOnlyForDeploymentPostprocessing = 0;
		};
/* End PBXSourcesBuildPhase section */

/* Begin XCBuildConfiguration section */
		A10A620F17858A4F0019F7EA /* Debug */ = {
			isa = XCBuildConfiguration;
			buildSettings = {
				ALWAYS_SEARCH_USER_PATHS = NO;
				ARCHS = "$(ARCHS_STANDARD_64_BIT)";
				CLANG_CXX_LANGUAGE_STANDARD = "gnu++0x";
				CLANG_CXX_LIBRARY = "libc++";
				CLANG_ENABLE_OBJC_ARC = YES;
				CLANG_WARN_CONSTANT_CONVERSION = YES;
				CLANG_WARN_EMPTY_BODY = YES;
				CLANG_WARN_ENUM_CONVERSION = YES;
				CLANG_WARN_INT_CONVERSION = YES;
				CLANG_WARN__DUPLICATE_METHOD_MATCH = YES;
				COPY_PHASE_STRIP = NO;
				GCC_C_LANGUAGE_STANDARD = gnu99;
				GCC_DYNAMIC_NO_PIC = NO;
				GCC_ENABLE_OBJC_EXCEPTIONS = YES;
				GCC_OPTIMIZATION_LEVEL = 0;
				GCC_PRECOMPILE_PREFIX_HEADER = YES;
				GCC_PREFIX_HEADER = "Sample3/Sample3-Prefix.pch";
				GCC_PREPROCESSOR_DEFINITIONS = (
					"DEBUG=1",
					"$(inherited)",
				);
				GCC_SYMBOLS_PRIVATE_EXTERN = NO;
				GCC_WARN_64_TO_32_BIT_CONVERSION = YES;
				GCC_WARN_ABOUT_RETURN_TYPE = YES;
				GCC_WARN_UNINITIALIZED_AUTOS = YES;
				GCC_WARN_UNUSED_VARIABLE = YES;
				MACOSX_DEPLOYMENT_TARGET = 10.8;
				ONLY_ACTIVE_ARCH = YES;
				OTHER_LDFLAGS = "-lc++";
				PRODUCT_NAME = "$(TARGET_NAME)";
				SDKROOT = macosx;
			};
			name = Debug;
		};
		A10A621017858A4F0019F7EA /* Release */ = {
			isa = XCBuildConfiguration;
			buildSettings = {
				ALWAYS_SEARCH_USER_PATHS = NO;
				ARCHS = "$(ARCHS_STANDARD_64_BIT)";
				CLANG_CXX_LANGUAGE_STANDARD = "gnu++0x";
				CLANG_CXX_LIBRARY = "libc++";
				CLANG_ENABLE_OBJC_ARC = YES;
				CLANG_WARN_CONSTANT_CONVERSION = YES;
				CLANG_WARN_EMPTY_BODY = YES;
				CLANG_WARN_ENUM_CONVERSION = YES;
				CLANG_WARN_INT_CONVERSION = YES;
				CLANG_WARN__DUPLICATE_METHOD_MATCH = YES;
				COPY_PHASE_STRIP = YES;
				DEBUG_INFORMATION_FORMAT = "dwarf-with-dsym";
				GCC_C_LANGUAGE_STANDARD = gnu99;
				GCC_ENABLE_OBJC_EXCEPTIONS = YES;
				GCC_OPTIMIZATION_LEVEL = s;
				GCC_PRECOMPILE_PREFIX_HEADER = YES;
				GCC_PREFIX_HEADER = "Sample3/Sample3-Prefix.pch";
				GCC_WARN_64_TO_32_BIT_CONVERSION = YES;
				GCC_WARN_ABOUT_RETURN_TYPE = YES;
				GCC_WARN_UNINITIALIZED_AUTOS = YES;
				GCC_WARN_UNUSED_VARIABLE = YES;
				MACOSX_DEPLOYMENT_TARGET = 10.8;
				OTHER_LDFLAGS = "-lc++";
				PRODUCT_NAME = "$(TARGET_NAME)";
				SDKROOT = macosx;
			};
			name = Release;
		};
		A1A378A217847A980037A3AC /* Debug */ = {
			isa = XCBuildConfiguration;
			buildSettings = {
			};
			name = Debug;
		};
		A1A378A317847A980037A3AC /* Release */ = {
			isa = XCBuildConfiguration;
			buildSettings = {
			};
			name = Release;
		};
		A1A378C517847AC00037A3AC /* Debug */ = {
			isa = XCBuildConfiguration;
			buildSettings = {
				ALWAYS_SEARCH_USER_PATHS = NO;
				ARCHS = "$(ARCHS_STANDARD_64_BIT)";
				CLANG_CXX_LANGUAGE_STANDARD = "gnu++0x";
				CLANG_CXX_LIBRARY = "libc++";
				CLANG_ENABLE_OBJC_ARC = YES;
				CLANG_WARN_CONSTANT_CONVERSION = YES;
				CLANG_WARN_EMPTY_BODY = YES;
				CLANG_WARN_ENUM_CONVERSION = YES;
				CLANG_WARN_INT_CONVERSION = YES;
				CLANG_WARN__DUPLICATE_METHOD_MATCH = YES;
				COPY_PHASE_STRIP = NO;
				FRAMEWORK_SEARCH_PATHS = (
					"$(inherited)",
					"\"$(SRCROOT)/../../../Library/Developer/Xcode/DerivedData/Promise2-brmifejjyfotzhetqjognmdguxyl/Build/Products/Debug\"",
				);
				GCC_C_LANGUAGE_STANDARD = gnu99;
				GCC_DYNAMIC_NO_PIC = NO;
				GCC_ENABLE_OBJC_EXCEPTIONS = YES;
				GCC_OPTIMIZATION_LEVEL = 0;
				GCC_PRECOMPILE_PREFIX_HEADER = YES;
				GCC_PREFIX_HEADER = "Sample1/Sample1-Prefix.pch";
				GCC_PREPROCESSOR_DEFINITIONS = (
					"DEBUG=1",
					"$(inherited)",
				);
				GCC_SYMBOLS_PRIVATE_EXTERN = NO;
				GCC_WARN_64_TO_32_BIT_CONVERSION = YES;
				GCC_WARN_ABOUT_RETURN_TYPE = YES;
				GCC_WARN_UNINITIALIZED_AUTOS = YES;
				GCC_WARN_UNUSED_VARIABLE = YES;
				MACOSX_DEPLOYMENT_TARGET = 10.8;
				ONLY_ACTIVE_ARCH = YES;
				PRODUCT_NAME = "$(TARGET_NAME)";
				SDKROOT = macosx;
			};
			name = Debug;
		};
		A1A378C617847AC00037A3AC /* Release */ = {
			isa = XCBuildConfiguration;
			buildSettings = {
				ALWAYS_SEARCH_USER_PATHS = NO;
				ARCHS = "$(ARCHS_STANDARD_64_BIT)";
				CLANG_CXX_LANGUAGE_STANDARD = "gnu++0x";
				CLANG_CXX_LIBRARY = "libc++";
				CLANG_ENABLE_OBJC_ARC = YES;
				CLANG_WARN_CONSTANT_CONVERSION = YES;
				CLANG_WARN_EMPTY_BODY = YES;
				CLANG_WARN_ENUM_CONVERSION = YES;
				CLANG_WARN_INT_CONVERSION = YES;
				CLANG_WARN__DUPLICATE_METHOD_MATCH = YES;
				COPY_PHASE_STRIP = YES;
				DEBUG_INFORMATION_FORMAT = "dwarf-with-dsym";
				FRAMEWORK_SEARCH_PATHS = (
					"$(inherited)",
					"\"$(SRCROOT)/../../../Library/Developer/Xcode/DerivedData/Promise2-brmifejjyfotzhetqjognmdguxyl/Build/Products/Debug\"",
				);
				GCC_C_LANGUAGE_STANDARD = gnu99;
				GCC_ENABLE_OBJC_EXCEPTIONS = YES;
				GCC_PRECOMPILE_PREFIX_HEADER = YES;
				GCC_PREFIX_HEADER = "Sample1/Sample1-Prefix.pch";
				GCC_WARN_64_TO_32_BIT_CONVERSION = YES;
				GCC_WARN_ABOUT_RETURN_TYPE = YES;
				GCC_WARN_UNINITIALIZED_AUTOS = YES;
				GCC_WARN_UNUSED_VARIABLE = YES;
				MACOSX_DEPLOYMENT_TARGET = 10.8;
				PRODUCT_NAME = "$(TARGET_NAME)";
				SDKROOT = macosx;
			};
			name = Release;
		};
		A1A378D71784BC6A0037A3AC /* Debug */ = {
			isa = XCBuildConfiguration;
			buildSettings = {
				ALWAYS_SEARCH_USER_PATHS = NO;
				ARCHS = "$(ARCHS_STANDARD_64_BIT)";
				CLANG_CXX_LANGUAGE_STANDARD = "gnu++0x";
				CLANG_CXX_LIBRARY = "libc++";
				CLANG_ENABLE_OBJC_ARC = YES;
				CLANG_WARN_CONSTANT_CONVERSION = YES;
				CLANG_WARN_EMPTY_BODY = YES;
				CLANG_WARN_ENUM_CONVERSION = YES;
				CLANG_WARN_INT_CONVERSION = YES;
				CLANG_WARN__DUPLICATE_METHOD_MATCH = YES;
				COPY_PHASE_STRIP = NO;
				FRAMEWORK_SEARCH_PATHS = (
					"$(inherited)",
					"\"$(SRCROOT)/../../../Library/Developer/Xcode/DerivedData/Promise2-brmifejjyfotzhetqjognmdguxyl/Build/Products/Debug\"",
				);
				GCC_C_LANGUAGE_STANDARD = gnu99;
				GCC_DYNAMIC_NO_PIC = NO;
				GCC_ENABLE_OBJC_EXCEPTIONS = YES;
				GCC_OPTIMIZATION_LEVEL = 0;
				GCC_PRECOMPILE_PREFIX_HEADER = YES;
				GCC_PREFIX_HEADER = "Sample2/Sample2-Prefix.pch";
				GCC_PREPROCESSOR_DEFINITIONS = (
					"DEBUG=1",
					"$(inherited)",
				);
				GCC_SYMBOLS_PRIVATE_EXTERN = NO;
				GCC_WARN_64_TO_32_BIT_CONVERSION = YES;
				GCC_WARN_ABOUT_RETURN_TYPE = YES;
				GCC_WARN_UNINITIALIZED_AUTOS = YES;
				GCC_WARN_UNUSED_VARIABLE = YES;
				MACOSX_DEPLOYMENT_TARGET = 10.8;
				ONLY_ACTIVE_ARCH = YES;
				PRODUCT_NAME = "$(TARGET_NAME)";
				SDKROOT = macosx;
			};
			name = Debug;
		};
		A1A378D81784BC6A0037A3AC /* Release */ = {
			isa = XCBuildConfiguration;
			buildSettings = {
				ALWAYS_SEARCH_USER_PATHS = NO;
				ARCHS = "$(ARCHS_STANDARD_64_BIT)";
				CLANG_CXX_LANGUAGE_STANDARD = "gnu++0x";
				CLANG_CXX_LIBRARY = "libc++";
				CLANG_ENABLE_OBJC_ARC = YES;
				CLANG_WARN_CONSTANT_CONVERSION = YES;
				CLANG_WARN_EMPTY_BODY = YES;
				CLANG_WARN_ENUM_CONVERSION = YES;
				CLANG_WARN_INT_CONVERSION = YES;
				CLANG_WARN__DUPLICATE_METHOD_MATCH = YES;
				COPY_PHASE_STRIP = YES;
				DEBUG_INFORMATION_FORMAT = "dwarf-with-dsym";
				FRAMEWORK_SEARCH_PATHS = (
					"$(inherited)",
					"\"$(SRCROOT)/../../../Library/Developer/Xcode/DerivedData/Promise2-brmifejjyfotzhetqjognmdguxyl/Build/Products/Debug\"",
				);
				GCC_C_LANGUAGE_STANDARD = gnu99;
				GCC_ENABLE_OBJC_EXCEPTIONS = YES;
				GCC_PRECOMPILE_PREFIX_HEADER = YES;
				GCC_PREFIX_HEADER = "Sample2/Sample2-Prefix.pch";
				GCC_WARN_64_TO_32_BIT_CONVERSION = YES;
				GCC_WARN_ABOUT_RETURN_TYPE = YES;
				GCC_WARN_UNINITIALIZED_AUTOS = YES;
				GCC_WARN_UNUSED_VARIABLE = YES;
				MACOSX_DEPLOYMENT_TARGET = 10.8;
				PRODUCT_NAME = "$(TARGET_NAME)";
				SDKROOT = macosx;
			};
			name = Release;
		};
/* End XCBuildConfiguration section */

/* Begin XCConfigurationList section */
		A10A620E17858A4F0019F7EA /* Build configuration list for PBXNativeTarget "Sample3" */ = {
			isa = XCConfigurationList;
			buildConfigurations = (
				A10A620F17858A4F0019F7EA /* Debug */,
				A10A621017858A4F0019F7EA /* Release */,
			);
			defaultConfigurationIsVisible = 0;
			defaultConfigurationName = Release;
		};
		A1A378A117847A980037A3AC /* Build configuration list for PBXProject "Samples" */ = {
			isa = XCConfigurationList;
			buildConfigurations = (
				A1A378A217847A980037A3AC /* Debug */,
				A1A378A317847A980037A3AC /* Release */,
			);
			defaultConfigurationIsVisible = 0;
			defaultConfigurationName = Release;
		};
		A1A378C417847AC00037A3AC /* Build configuration list for PBXNativeTarget "Sample1" */ = {
			isa = XCConfigurationList;
			buildConfigurations = (
				A1A378C517847AC00037A3AC /* Debug */,
				A1A378C617847AC00037A3AC /* Release */,
			);
			defaultConfigurationIsVisible = 0;
			defaultConfigurationName = Release;
		};
		A1A378D61784BC6A0037A3AC /* Build configuration list for PBXNativeTarget "Sample2" */ = {
			isa = XCConfigurationList;
			buildConfigurations = (
				A1A378D71784BC6A0037A3AC /* Debug */,
				A1A378D81784BC6A0037A3AC /* Release */,
			);
			defaultConfigurationIsVisible = 0;
			defaultConfigurationName = Release;
		};
/* End XCConfigurationList section */
	};
	rootObject = A1A3789E17847A980037A3AC /* Project object */;
}
