<?xml version="1.0" encoding="UTF-8"?>
<Scheme
   LastUpgradeVersion = "0500"
   version = "1.3">
   <BuildAction
      parallelizeBuildables = "YES"
      buildImplicitDependencies = "YES">
      <BuildActionEntries>
         <BuildActionEntry
            buildForTesting = "YES"
            buildForRunning = "YES"
            buildForProfiling = "NO"
            buildForArchiving = "NO"
            buildForAnalyzing = "YES">
            <BuildableReference
               BuildableIdentifier = "primary"
               BlueprintIdentifier = "A19C19971759E879008E3F63"
               BuildableName = "RXPromise.framework"
               BlueprintName = "RXPromise Framework"
               ReferencedContainer = "container:../RXPromise Libraries/RXPromise Libraries.xcodeproj">
            </BuildableReference>
         </BuildActionEntry>
      </BuildActionEntries>
   </BuildAction>
   <TestAction
      selectedDebuggerIdentifier = "Xcode.DebuggerFoundation.Debugger.LLDB"
      selectedLauncherIdentifier = "Xcode.DebuggerFoundation.Launcher.LLDB"
      shouldUseLaunchSchemeArgsEnv = "YES"
      buildConfiguration = "Debug">
      <Testables>
         <TestableReference
            skipped = "NO">
            <BuildableReference
               BuildableIdentifier = "primary"
               BlueprintIdentifier = "A10ABA8D174B6138003840FD"
               BuildableName = "RXPromise Test.octest"
               BlueprintName = "RXPromise Test"
               ReferencedContainer = "container:RXPromise Test.xcodeproj">
            </BuildableReference>
            <SkippedTests>
               <Test
                  Identifier = "RXPromise_Test/testAllCancelled">
               </Test>
               <Test
                  Identifier = "RXPromise_Test/testAllFulfilled">
               </Test>
               <Test
                  Identifier = "RXPromise_Test/testAllOneRejected">
               </Test>
               <Test
                  Identifier = "RXPromise_Test/testBasicChaining">
               </Test>
               <Test
                  Identifier = "RXPromise_Test/testBasicChainingWithBoundPromise">
               </Test>
               <Test
                  Identifier = "RXPromise_Test/testBasicChainingWithFailure">
               </Test>
               <Test
                  Identifier = "RXPromise_Test/testBasicChainingWithFailureWithBoundPromise">
               </Test>
               <Test
                  Identifier = "RXPromise_Test/testBasicChainingWithImmediateError">
               </Test>
               <Test
                  Identifier = "RXPromise_Test/testBasicChainingWithImmediateErrorWithBoundPromise">
               </Test>
               <Test
                  Identifier = "RXPromise_Test/testBasicChainingWithImmediateNilResult">
               </Test>
               <Test
                  Identifier = "RXPromise_Test/testBasicChainingWithImmediateNilResultBoundPromise">
               </Test>
               <Test
                  Identifier = "RXPromise_Test/testBasicChainingWithImmediateResult">
               </Test>
               <Test
                  Identifier = "RXPromise_Test/testBasicChainingWithImmediateResultWithBoundPromise">
               </Test>
               <Test
                  Identifier = "RXPromise_Test/testBasicFailureWithoutErrorHandler">
               </Test>
               <Test
                  Identifier = "RXPromise_Test/testBasicSuccess">
               </Test>
               <Test
                  Identifier = "RXPromise_Test/testChainCancel1">
               </Test>
               <Test
                  Identifier = "RXPromise_Test/testChainCancel1WithBoundPromise">
               </Test>
               <Test
                  Identifier = "RXPromise_Test/testChainCancel2">
               </Test>
               <Test
                  Identifier = "RXPromise_Test/testChainCancel2WithBoundPromise">
               </Test>
               <Test
                  Identifier = "RXPromise_Test/testChainedOPsWithFailure">
               </Test>
               <Test
                  Identifier = "RXPromise_Test/testChainedOPsWithFailureWithErrorHandlers">
               </Test>
               <Test
                  Identifier = "RXPromise_Test/testChainingStates">
               </Test>
               <Test
                  Identifier = "RXPromise_Test/testChainingStatesWithP0Fails">
               </Test>
               <Test
                  Identifier = "RXPromise_Test/testChainingStatesWithP1Fails">
               </Test>
               <Test
                  Identifier = "RXPromise_Test/testChainingTestForwardResult">
               </Test>
               <Test
                  Identifier = "RXPromise_Test/testChainingTestForwardResultWithBoundPromise">
               </Test>
               <Test
                  Identifier = "RXPromise_Test/testParallelOPsMustExecuteSerially">
               </Test>
               <Test
                  Identifier = "RXPromise_Test/testPromiseAPI">
               </Test>
               <Test
                  Identifier = "RXPromise_Test/testSpawnParallelOPs">
               </Test>
               <Test
                  Identifier = "RXPromise_Test/testStateCancelled">
               </Test>
               <Test
                  Identifier = "RXPromise_Test/testStateFulfilled">
               </Test>
               <Test
                  Identifier = "RXPromise_Test/testStateRejected">
               </Test>
               <Test
                  Identifier = "RXPromise_Test/testThenMustReturnBeforeHandlersWillBeCalled">
               </Test>
               <Test
                  Identifier = "RXPromise_Test/testTree">
               </Test>
               <Test
                  Identifier = "RXPromise_Test/testTreeCancel1">
               </Test>
               <Test
                  Identifier = "RXPromise_Test/testTreeCancel1WithBoundPromise">
               </Test>
               <Test
                  Identifier = "RXPromise_Test/testTreeCancel2">
               </Test>
               <Test
                  Identifier = "RXPromise_Test/testTreeCancel2WithBoundPromise">
               </Test>
            </SkippedTests>
         </TestableReference>
      </Testables>
   </TestAction>
   <LaunchAction
      selectedDebuggerIdentifier = "Xcode.DebuggerFoundation.Debugger.LLDB"
      selectedLauncherIdentifier = "Xcode.DebuggerFoundation.Launcher.LLDB"
      launchStyle = "0"
      useCustomWorkingDirectory = "NO"
      buildConfiguration = "Debug"
      ignoresPersistentStateOnLaunch = "NO"
      debugDocumentVersioning = "YES"
      allowLocationSimulation = "YES">
      <AdditionalOptions>
      </AdditionalOptions>
   </LaunchAction>
   <ProfileAction
      shouldUseLaunchSchemeArgsEnv = "YES"
      savedToolIdentifier = ""
      useCustomWorkingDirectory = "NO"
      buildConfiguration = "Release"
      debugDocumentVersioning = "YES">
   </ProfileAction>
   <AnalyzeAction
      buildConfiguration = "Debug">
   </AnalyzeAction>
   <ArchiveAction
      buildConfiguration = "Release"
      revealArchiveInOrganizer = "YES">
   </ArchiveAction>
</Scheme>
